Microsoft Visual Studio Solution File, Format Version 12.00
# Visual Studio Version 17
VisualStudioVersion = 17.0.32014.148
MinimumVisualStudioVersion = 10.0.40219.1
Project("{9A19103F-16F7-4668-BE54-9A1E7A4F7556}") = "GoodFramework.Basic.Domain", "src\modules\basic\GoodFramework.Basic.Domain\GoodFramework.Basic.Domain.csproj", "{554AD327-6DBA-4F8F-96F8-81CE7A0C863F}"
EndProject
Project("{9A19103F-16F7-4668-BE54-9A1E7A4F7556}") = "GoodFramework.Basic.Application", "src\modules\basic\GoodFramework.Basic.Application\GoodFramework.Basic.Application.csproj", "{1A94A50E-06DC-43C1-80B5-B662820EC3EB}"
EndProject
Project("{9A19103F-16F7-4668-BE54-9A1E7A4F7556}") = "GoodFramework.Basic.EntityFrameworkCore", "src\modules\basic\GoodFramework.Basic.EntityFrameworkCore\GoodFramework.Basic.EntityFrameworkCore.csproj", "{C956DD76-69C8-4A9C-83EA-D17DF83340FD}"
EndProject
Project("{2150E333-8FDC-42A3-9474-1A3956D46DE8}") = "basic", "basic", "{CA9AC87F-097E-4F15-8393-4BC07735A5B0}"
EndProject
Project("{2150E333-8FDC-42A3-9474-1A3956D46DE8}") = "tests", "tests", "{04DBDB01-70F4-4E06-B468-8F87850B22BE}"
EndProject
Project("{9A19103F-16F7-4668-BE54-9A1E7A4F7556}") = "GoodFramework.Basic.Application.Tests", "src\tests\basic\GoodFramework.Basic.Application.Tests\GoodFramework.Basic.Application.Tests.csproj", "{50B2631D-129C-47B3-A587-029CCD6099BC}"
EndProject
Project("{9A19103F-16F7-4668-BE54-9A1E7A4F7556}") = "GoodFramework.Basic.Domain.Shared", "src\modules\basic\GoodFramework.Basic.Domain.Shared\GoodFramework.Basic.Domain.Shared.csproj", "{42F719ED-8413-4895-B5B4-5AB56079BC66}"
EndProject
Project("{9A19103F-16F7-4668-BE54-9A1E7A4F7556}") = "GoodFramework.Basic.Application.Contracts", "src\modules\basic\GoodFramework.Basic.Application.Contracts\GoodFramework.Basic.Application.Contracts.csproj", "{520659C8-C734-4298-A3DA-B539DB9DFC0B}"
EndProject
Project("{9A19103F-16F7-4668-BE54-9A1E7A4F7556}") = "GoodFramework.Basic.HttpApi", "src\modules\basic\GoodFramework.Basic.HttpApi\GoodFramework.Basic.HttpApi.csproj", "{4164BDF7-F527-4E85-9CE6-E3C2D7426A27}"
EndProject
Project("{9A19103F-16F7-4668-BE54-9A1E7A4F7556}") = "GoodFramework.Basic.HttpApi.Client", "src\modules\basic\GoodFramework.Basic.HttpApi.Client\GoodFramework.Basic.HttpApi.Client.csproj", "{3B5A0094-670D-4BB1-BFDD-61B88A8773DC}"
EndProject
Project("{9A19103F-16F7-4668-BE54-9A1E7A4F7556}") = "GoodFramework.Basic.EntityFrameworkCore.Tests", "src\tests\basic\GoodFramework.Basic.EntityFrameworkCore.Tests\GoodFramework.Basic.EntityFrameworkCore.Tests.csproj", "{1FE30EB9-74A9-47F5-A9F6-7B1FAB672D81}"
EndProject
Project("{9A19103F-16F7-4668-BE54-9A1E7A4F7556}") = "GoodFramework.Basic.TestBase", "src\tests\basic\GoodFramework.Basic.TestBase\GoodFramework.Basic.TestBase.csproj", "{91853F21-9CD9-4132-BC29-A7D5D84FFFE7}"
EndProject
Project("{9A19103F-16F7-4668-BE54-9A1E7A4F7556}") = "GoodFramework.Basic.Domain.Tests", "src\tests\basic\GoodFramework.Basic.Domain.Tests\GoodFramework.Basic.Domain.Tests.csproj", "{E512F4D9-9375-480F-A2F6-A46509F9D824}"
EndProject
Project("{9A19103F-16F7-4668-BE54-9A1E7A4F7556}") = "GoodFramework.Basic.HttpApi.Client.ConsoleTestApp", "src\tests\basic\GoodFramework.Basic.HttpApi.Client.ConsoleTestApp\GoodFramework.Basic.HttpApi.Client.ConsoleTestApp.csproj", "{EF480016-9127-4916-8735-D2466BDBC582}"
EndProject
Project("{9A19103F-16F7-4668-BE54-9A1E7A4F7556}") = "GoodFramework.DbMigrator", "src\migrators\GoodFramework.DbMigrator\GoodFramework.DbMigrator.csproj", "{AA94D832-1CCC-4715-95A9-A483F23A1A5D}"
EndProject
Project("{9A19103F-16F7-4668-BE54-9A1E7A4F7556}") = "GoodFramework.HttpApi.Host", "src\hosts\GoodFramework.HttpApi.Host\GoodFramework.HttpApi.Host.csproj", "{748584B1-BA69-4F6A-81AA-F4BDE6BCE29D}"
EndProject
Project("{2150E333-8FDC-42A3-9474-1A3956D46DE8}") = "modules", "modules", "{FBBC6587-CC01-48B9-8B12-702039AAE302}"
EndProject
Project("{2150E333-8FDC-42A3-9474-1A3956D46DE8}") = "hosts", "hosts", "{FCCFFE05-DCE8-4B56-BED8-DF4CA097E4A2}"
EndProject
Project("{2150E333-8FDC-42A3-9474-1A3956D46DE8}") = "migrators", "migrators", "{3BB1D479-0768-4806-8E77-D6FC50F27904}"
EndProject
Project("{2150E333-8FDC-42A3-9474-1A3956D46DE8}") = "platform", "platform", "{AC0D8047-B635-4661-BBF5-176D61A34566}"
EndProject
Project("{2150E333-8FDC-42A3-9474-1A3956D46DE8}") = "navigation", "navigation", "{3795BB35-BA6F-43AB-AE12-9E2581D65C01}"
EndProject
Project("{9A19103F-16F7-4668-BE54-9A1E7A4F7556}") = "GoodFramework.Abp.UI.Navigation", "src\modules\navigation\GoodFramework.Abp.UI.Navigation\GoodFramework.Abp.UI.Navigation.csproj", "{93594A57-6355-4F4B-A54D-E137B068D51E}"
EndProject
Project("{9A19103F-16F7-4668-BE54-9A1E7A4F7556}") = "GoodFramework.Abp.UI.Navigation.VueVbenAdmin", "src\modules\platform\GoodFramework.Abp.UI.Navigation.VueVbenAdmin\GoodFramework.Abp.UI.Navigation.VueVbenAdmin.csproj", "{28DCFB86-CAD6-4C55-AE16-342A72B1736E}"
EndProject
Project("{9A19103F-16F7-4668-BE54-9A1E7A4F7556}") = "GoodFramework.Platform.Application", "src\modules\platform\GoodFramework.Platform.Application\GoodFramework.Platform.Application.csproj", "{35367354-B056-496A-91E7-1E38AEB2C639}"
EndProject
Project("{9A19103F-16F7-4668-BE54-9A1E7A4F7556}") = "GoodFramework.Platform.Application.Contracts", "src\modules\platform\GoodFramework.Platform.Application.Contracts\GoodFramework.Platform.Application.Contracts.csproj", "{F0F38D19-08AC-4FFC-9A2F-1FDBFD72456D}"
EndProject
Project("{9A19103F-16F7-4668-BE54-9A1E7A4F7556}") = "GoodFramework.Platform.Domain", "src\modules\platform\GoodFramework.Platform.Domain\GoodFramework.Platform.Domain.csproj", "{6F3C4788-FC68-417B-924B-8CA940EFF591}"
EndProject
Project("{9A19103F-16F7-4668-BE54-9A1E7A4F7556}") = "GoodFramework.Platform.Domain.Shared", "src\modules\platform\GoodFramework.Platform.Domain.Shared\GoodFramework.Platform.Domain.Shared.csproj", "{A76768C3-B498-4823-9913-BBB89F5FFDA3}"
EndProject
Project("{9A19103F-16F7-4668-BE54-9A1E7A4F7556}") = "GoodFramework.Platform.EntityFrameworkCore", "src\modules\platform\GoodFramework.Platform.EntityFrameworkCore\GoodFramework.Platform.EntityFrameworkCore.csproj", "{AED47686-10F3-4837-BDDC-BBF4BBD70D9E}"
EndProject
Project("{9A19103F-16F7-4668-BE54-9A1E7A4F7556}") = "GoodFramework.Platform.HttpApi", "src\modules\platform\GoodFramework.Platform.HttpApi\GoodFramework.Platform.HttpApi.csproj", "{0172AC66-9245-41E8-88D8-0AAD3ABD0807}"
EndProject
Project("{9A19103F-16F7-4668-BE54-9A1E7A4F7556}") = "GoodFramework.DbMigrator.Domain", "src\migrators\GoodFramework.DbMigrator.Domain\GoodFramework.DbMigrator.Domain.csproj", "{EE69561D-97B6-4393-96F2-9D73CC827751}"
EndProject
Project("{2150E333-8FDC-42A3-9474-1A3956D46DE8}") = "common", "common", "{391EEE38-0294-46CE-8EDC-FAEDE8ED73E8}"
EndProject
Project("{9A19103F-16F7-4668-BE54-9A1E7A4F7556}") = "GoodFramework.Abp.Localization.Dynamic", "src\modules\common\GoodFramework.Abp.Localization.Dynamic\GoodFramework.Abp.Localization.Dynamic.csproj", "{39A7CB5D-C18B-4141-A31D-4C1EA2D7C9C3}"
EndProject
Project("{2150E333-8FDC-42A3-9474-1A3956D46DE8}") = "localization", "localization", "{B16DCF4D-4711-4F21-A9D7-2223BBAA968C}"
EndProject
Project("{9A19103F-16F7-4668-BE54-9A1E7A4F7556}") = "GoodFramework.Abp.Localization.CultureMap", "src\modules\localization\GoodFramework.Abp.Localization.CultureMap\GoodFramework.Abp.Localization.CultureMap.csproj", "{D32B1D1D-C764-419C-9F1F-F3CC6350F973}"
EndProject
Project("{9A19103F-16F7-4668-BE54-9A1E7A4F7556}") = "GoodFramework.Abp.Localization.Xml", "src\modules\localization\GoodFramework.Abp.Localization.Xml\GoodFramework.Abp.Localization.Xml.csproj", "{74880BB3-A418-446F-A964-CFC81D137D3D}"
EndProject
Project("{2150E333-8FDC-42A3-9474-1A3956D46DE8}") = "identity", "identity", "{A5C76F19-CB44-42CC-A71E-72D977C8267A}"
EndProject
Project("{9A19103F-16F7-4668-BE54-9A1E7A4F7556}") = "GoodFramework.Abp.Identity.Application.Contracts", "src\modules\identity\GoodFramework.Abp.Identity.Application.Contracts\GoodFramework.Abp.Identity.Application.Contracts.csproj", "{1E0B5185-8EB6-48CC-B90C-0DDB9452D216}"
EndProject
Project("{9A19103F-16F7-4668-BE54-9A1E7A4F7556}") = "GoodFramework.Abp.Identity.Domain", "src\modules\identity\GoodFramework.Abp.Identity.Domain\GoodFramework.Abp.Identity.Domain.csproj", "{F2B1EB79-7445-4E54-96C6-A1E3A5D5B0BF}"
EndProject
Project("{9A19103F-16F7-4668-BE54-9A1E7A4F7556}") = "GoodFramework.Abp.Identity.Domain.Shared", "src\modules\identity\GoodFramework.Abp.Identity.Domain.Shared\GoodFramework.Abp.Identity.Domain.Shared.csproj", "{30A67C17-4CBA-426E-8ED8-2BEBCFACA56B}"
EndProject
Project("{9A19103F-16F7-4668-BE54-9A1E7A4F7556}") = "GoodFramework.Abp.Identity.EntityFrameworkCore", "src\modules\identity\GoodFramework.Abp.Identity.EntityFrameworkCore\GoodFramework.Abp.Identity.EntityFrameworkCore.csproj", "{88BD08DF-DE2A-4C02-B0E2-C1C86BEA283B}"
EndProject
Project("{9A19103F-16F7-4668-BE54-9A1E7A4F7556}") = "GoodFramework.Abp.Identity.HttpApi", "src\modules\identity\GoodFramework.Abp.Identity.HttpApi\GoodFramework.Abp.Identity.HttpApi.csproj", "{6E9DB5E4-820A-48A6-A215-4FAA177909CD}"
EndProject
Project("{9A19103F-16F7-4668-BE54-9A1E7A4F7556}") = "GoodFramework.Abp.Identity.HttpApi.Client", "src\modules\identity\GoodFramework.Abp.Identity.HttpApi.Client\GoodFramework.Abp.Identity.HttpApi.Client.csproj", "{407FA0EB-9573-43D1-BD1F-E4BEF8D1ABE5}"
EndProject
Project("{9A19103F-16F7-4668-BE54-9A1E7A4F7556}") = "GoodFramework.Abp.PermissionManagement.Domain.Identity", "src\modules\identity\GoodFramework.Abp.PermissionManagement.Domain.Identity\GoodFramework.Abp.PermissionManagement.Domain.Identity.csproj", "{918E6D61-210A-4381-9C5C-366E27CE8817}"
EndProject
Project("{9A19103F-16F7-4668-BE54-9A1E7A4F7556}") = "GoodFramework.Abp.Identity.Application", "src\modules\identity\GoodFramework.Abp.Identity.Application\GoodFramework.Abp.Identity.Application.csproj", "{2E26F744-3471-4653-BD4D-574452DBA5C0}"
EndProject
Project("{2150E333-8FDC-42A3-9474-1A3956D46DE8}") = "permissions-management", "permissions-management", "{0272CF71-09DA-42D6-8024-36EA47F809D8}"
EndProject
Project("{9A19103F-16F7-4668-BE54-9A1E7A4F7556}") = "GoodFramework.Abp.PermissionManagement.Domain", "src\modules\permissions-management\GoodFramework.Abp.PermissionManagement.Domain\GoodFramework.Abp.PermissionManagement.Domain.csproj", "{81B00CAC-7ED4-410F-A55B-E6F353040F88}"
EndProject
Project("{2150E333-8FDC-42A3-9474-1A3956D46DE8}") = "auditing", "auditing", "{33A453BF-EA20-44CB-8A81-67377EB54802}"
EndProject
Project("{9A19103F-16F7-4668-BE54-9A1E7A4F7556}") = "GoodFramework.Abp.Auditing.Application", "src\modules\auditing\GoodFramework.Abp.Auditing.Application\GoodFramework.Abp.Auditing.Application.csproj", "{CED86EAE-E07C-44A4-B671-43DAB90AFC60}"
EndProject
Project("{9A19103F-16F7-4668-BE54-9A1E7A4F7556}") = "GoodFramework.Abp.Auditing.Application.Contracts", "src\modules\auditing\GoodFramework.Abp.Auditing.Application.Contracts\GoodFramework.Abp.Auditing.Application.Contracts.csproj", "{BEEDB6A1-B5AC-4356-8BB5-2F5479D4B0A2}"
EndProject
Project("{9A19103F-16F7-4668-BE54-9A1E7A4F7556}") = "GoodFramework.Abp.Auditing.HttpApi", "src\modules\auditing\GoodFramework.Abp.Auditing.HttpApi\GoodFramework.Abp.Auditing.HttpApi.csproj", "{71B2404B-AAE8-444E-BEDC-C2F1AFD081ED}"
EndProject
Project("{9A19103F-16F7-4668-BE54-9A1E7A4F7556}") = "GoodFramework.Abp.AuditLogging", "src\modules\auditing\GoodFramework.Abp.AuditLogging\GoodFramework.Abp.AuditLogging.csproj", "{9D3785D4-D1AC-4C41-8BDB-35AEB6E9DE79}"
EndProject
Project("{9A19103F-16F7-4668-BE54-9A1E7A4F7556}") = "GoodFramework.Abp.AuditLogging.Elasticsearch", "src\modules\auditing\GoodFramework.Abp.AuditLogging.Elasticsearch\GoodFramework.Abp.AuditLogging.Elasticsearch.csproj", "{189E4C8B-A729-4FD0-9651-A84FBB727846}"
EndProject
Project("{9A19103F-16F7-4668-BE54-9A1E7A4F7556}") = "GoodFramework.Abp.AuditLogging.EntityFrameworkCore", "src\modules\auditing\GoodFramework.Abp.AuditLogging.EntityFrameworkCore\GoodFramework.Abp.AuditLogging.EntityFrameworkCore.csproj", "{7CE0878B-275F-4CD5-AB2B-234BB9DF7CAA}"
EndProject
Project("{2150E333-8FDC-42A3-9474-1A3956D46DE8}") = "elasticsearch", "elasticsearch", "{96B3ACF5-2CA9-4CE1-B965-78F3FFF0FCF1}"
EndProject
Project("{9A19103F-16F7-4668-BE54-9A1E7A4F7556}") = "GoodFramework.Abp.Elasticsearch", "src\modules\elasticsearch\GoodFramework.Abp.Elasticsearch\GoodFramework.Abp.Elasticsearch.csproj", "{30BC7A3C-55C3-48B2-88F0-25C8E03898A4}"
EndProject
Project("{2150E333-8FDC-42A3-9474-1A3956D46DE8}") = "logging", "logging", "{B72CCAE1-6955-4C0C-9051-2F73CD3E65A3}"
EndProject
Project("{9A19103F-16F7-4668-BE54-9A1E7A4F7556}") = "GoodFramework.Abp.Logging", "src\modules\logging\GoodFramework.Abp.Logging\GoodFramework.Abp.Logging.csproj", "{5FA39512-42D5-498B-8739-304D39A24686}"
EndProject
Project("{9A19103F-16F7-4668-BE54-9A1E7A4F7556}") = "GoodFramework.Abp.Logging.Serilog.Elasticsearch", "src\modules\logging\GoodFramework.Abp.Logging.Serilog.Elasticsearch\GoodFramework.Abp.Logging.Serilog.Elasticsearch.csproj", "{DE5EC816-C9A4-4A87-A683-83CB00FC2567}"
EndProject
Project("{9A19103F-16F7-4668-BE54-9A1E7A4F7556}") = "GoodFramework.Abp.Serilog.Enrichers.Application", "src\modules\logging\GoodFramework.Abp.Serilog.Enrichers.Application\GoodFramework.Abp.Serilog.Enrichers.Application.csproj", "{FE687E0D-E8F5-447C-AE4F-6E41CEC06A9B}"
EndProject
Project("{9A19103F-16F7-4668-BE54-9A1E7A4F7556}") = "GoodFramework.Abp.Serilog.Enrichers.UniqueId", "src\modules\logging\GoodFramework.Abp.Serilog.Enrichers.UniqueId\GoodFramework.Abp.Serilog.Enrichers.UniqueId.csproj", "{33C85E51-727F-42FB-AE7D-67C563352AB4}"
EndProject
Project("{9A19103F-16F7-4668-BE54-9A1E7A4F7556}") = "GoodFramework.Abp.IdGenerator", "src\modules\common\GoodFramework.Abp.IdGenerator\GoodFramework.Abp.IdGenerator.csproj", "{BD7284BB-88A9-4A5A-B7A6-667CE3C4EE6A}"
EndProject
Project("{2150E333-8FDC-42A3-9474-1A3956D46DE8}") = "settings", "settings", "{A4ED11D1-DFCA-4ADE-921F-BCF987283142}"
EndProject
Project("{9A19103F-16F7-4668-BE54-9A1E7A4F7556}") = "GoodFramework.Abp.SettingManagement.Application", "src\modules\settings\GoodFramework.Abp.SettingManagement.Application\GoodFramework.Abp.SettingManagement.Application.csproj", "{578A9F87-A7F3-47D2-B6E4-B40380D13EE0}"
EndProject
Project("{9A19103F-16F7-4668-BE54-9A1E7A4F7556}") = "GoodFramework.Abp.SettingManagement.Application.Contracts", "src\modules\settings\GoodFramework.Abp.SettingManagement.Application.Contracts\GoodFramework.Abp.SettingManagement.Application.Contracts.csproj", "{229E232D-07A0-4E94-85C5-207D9417FC5F}"
EndProject
Project("{9A19103F-16F7-4668-BE54-9A1E7A4F7556}") = "GoodFramework.Abp.SettingManagement.HttpApi", "src\modules\settings\GoodFramework.Abp.SettingManagement.HttpApi\GoodFramework.Abp.SettingManagement.HttpApi.csproj", "{9D9DCF62-BFE0-43CB-9E01-310A8EEF156A}"
EndProject
Project("{2150E333-8FDC-42A3-9474-1A3956D46DE8}") = "account", "account", "{56B02345-6A8D-49C8-BB45-619E06C3EDCB}"
EndProject
Project("{9A19103F-16F7-4668-BE54-9A1E7A4F7556}") = "GoodFramework.Abp.Account.Application", "src\modules\account\GoodFramework.Abp.Account.Application\GoodFramework.Abp.Account.Application.csproj", "{B6B825D6-9E8C-493A-93AE-E83221F5AAB6}"
EndProject
Project("{9A19103F-16F7-4668-BE54-9A1E7A4F7556}") = "GoodFramework.Abp.Account.Application.Contracts", "src\modules\account\GoodFramework.Abp.Account.Application.Contracts\GoodFramework.Abp.Account.Application.Contracts.csproj", "{E64CE7E3-C0B1-425B-BE58-9EABB275A9CA}"
EndProject
Project("{9A19103F-16F7-4668-BE54-9A1E7A4F7556}") = "GoodFramework.Abp.Account.HttpApi", "src\modules\account\GoodFramework.Abp.Account.HttpApi\GoodFramework.Abp.Account.HttpApi.csproj", "{206FD8BA-6B57-4668-9CEC-B8ABFE648D30}"
EndProject
Project("{9A19103F-16F7-4668-BE54-9A1E7A4F7556}") = "GoodFramework.Abp.Settings", "src\modules\common\GoodFramework.Abp.Settings\GoodFramework.Abp.Settings.csproj", "{57B49311-BC09-4611-B017-AB95BE588095}"
EndProject
Project("{2150E333-8FDC-42A3-9474-1A3956D46DE8}") = "wechat", "wechat", "{96A56D1C-D815-4BB7-B141-ACB9CF3CC006}"
EndProject
Project("{9A19103F-16F7-4668-BE54-9A1E7A4F7556}") = "GoodFramework.Abp.Identity.WeChat", "src\modules\wechat\GoodFramework.Abp.Identity.WeChat\GoodFramework.Abp.Identity.WeChat.csproj", "{2E7CBAAA-24EA-4A06-B816-15B8F006A994}"
EndProject
Project("{9A19103F-16F7-4668-BE54-9A1E7A4F7556}") = "GoodFramework.Abp.Notifications.WeChat.MiniProgram", "src\modules\wechat\GoodFramework.Abp.Notifications.WeChat.MiniProgram\GoodFramework.Abp.Notifications.WeChat.MiniProgram.csproj", "{75EB7F2E-EA62-46E8-8563-69E6FFF7E204}"
EndProject
Project("{9A19103F-16F7-4668-BE54-9A1E7A4F7556}") = "GoodFramework.Abp.WeChat", "src\modules\wechat\GoodFramework.Abp.WeChat\GoodFramework.Abp.WeChat.csproj", "{0E7E2660-4D2C-4C92-9605-66A3D3E8EC0E}"
EndProject
Project("{9A19103F-16F7-4668-BE54-9A1E7A4F7556}") = "GoodFramework.Abp.WeChat.MiniProgram", "src\modules\wechat\GoodFramework.Abp.WeChat.MiniProgram\GoodFramework.Abp.WeChat.MiniProgram.csproj", "{280667C1-FA99-4717-AA72-44776B083CF5}"
EndProject
Project("{9A19103F-16F7-4668-BE54-9A1E7A4F7556}") = "GoodFramework.Abp.WeChat.Official", "src\modules\wechat\GoodFramework.Abp.WeChat.Official\GoodFramework.Abp.WeChat.Official.csproj", "{3DFF48DE-68CF-4046-B0F1-08D7AE5A5220}"
EndProject
Project("{9A19103F-16F7-4668-BE54-9A1E7A4F7556}") = "GoodFramework.Abp.WeChat.SettingManagement", "src\modules\wechat\GoodFramework.Abp.WeChat.SettingManagement\GoodFramework.Abp.WeChat.SettingManagement.csproj", "{2ABF3422-81B0-403C-8F29-AB5DEE8EF455}"
EndProject
Project("{9A19103F-16F7-4668-BE54-9A1E7A4F7556}") = "GoodFramework.Abp.Features.LimitValidation", "src\modules\common\GoodFramework.Abp.Features.LimitValidation\GoodFramework.Abp.Features.LimitValidation.csproj", "{6653DA7C-0593-4C75-9958-EC6591C3FCC9}"
EndProject
Project("{9A19103F-16F7-4668-BE54-9A1E7A4F7556}") = "GoodFramework.Abp.Notifications", "src\modules\common\GoodFramework.Abp.Notifications\GoodFramework.Abp.Notifications.csproj", "{1897963F-AEA3-4899-AB13-A23E44254AD1}"
EndProject
Project("{9A19103F-16F7-4668-BE54-9A1E7A4F7556}") = "GoodFramework.Abp.Notifications.SignalR", "src\modules\common\GoodFramework.Abp.Notifications.SignalR\GoodFramework.Abp.Notifications.SignalR.csproj", "{AFC87FFF-8861-4FE8-B5E0-7A36554829DB}"
EndProject
Project("{9A19103F-16F7-4668-BE54-9A1E7A4F7556}") = "GoodFramework.Abp.Notifications.Sms", "src\modules\common\GoodFramework.Abp.Notifications.Sms\GoodFramework.Abp.Notifications.Sms.csproj", "{8AE8C649-4931-4627-BCD3-558B3D0D8CF1}"
EndProject
Project("{9A19103F-16F7-4668-BE54-9A1E7A4F7556}") = "GoodFramework.Abp.RealTime", "src\modules\common\GoodFramework.Abp.RealTime\GoodFramework.Abp.RealTime.csproj", "{B1A93A75-8341-48C1-85E9-3839E49C2574}"
EndProject
Project("{2150E333-8FDC-42A3-9474-1A3956D46DE8}") = "task-management", "task-management", "{8C1215A9-8E51-48A0-B3CF-92614905EDAE}"
EndProject
Project("{9A19103F-16F7-4668-BE54-9A1E7A4F7556}") = "GoodFramework.Abp.BackgroundTasks", "src\modules\task-management\GoodFramework.Abp.BackgroundTasks\GoodFramework.Abp.BackgroundTasks.csproj", "{46341B1A-FA79-4D9D-939B-1115C3F8CDD2}"
EndProject
Project("{9A19103F-16F7-4668-BE54-9A1E7A4F7556}") = "GoodFramework.Abp.BackgroundTasks.Abstractions", "src\modules\task-management\GoodFramework.Abp.BackgroundTasks.Abstractions\GoodFramework.Abp.BackgroundTasks.Abstractions.csproj", "{93A8EF08-0D3D-40EF-ADD7-4A6DABF42EB9}"
EndProject
Project("{9A19103F-16F7-4668-BE54-9A1E7A4F7556}") = "GoodFramework.Abp.BackgroundTasks.ExceptionHandling", "src\modules\task-management\GoodFramework.Abp.BackgroundTasks.ExceptionHandling\GoodFramework.Abp.BackgroundTasks.ExceptionHandling.csproj", "{120E1958-0DE1-47E9-88C7-505FEA4F4011}"
EndProject
Project("{9A19103F-16F7-4668-BE54-9A1E7A4F7556}") = "GoodFramework.Abp.BackgroundTasks.Jobs", "src\modules\task-management\GoodFramework.Abp.BackgroundTasks.Jobs\GoodFramework.Abp.BackgroundTasks.Jobs.csproj", "{69509C95-1B35-457B-858E-7FF19F8A7CDB}"
EndProject
Project("{9A19103F-16F7-4668-BE54-9A1E7A4F7556}") = "GoodFramework.Abp.TaskManagement.Application", "src\modules\task-management\GoodFramework.Abp.TaskManagement.Application\GoodFramework.Abp.TaskManagement.Application.csproj", "{FF28F287-FE40-4124-B6F0-332FE3B546B3}"
EndProject
Project("{9A19103F-16F7-4668-BE54-9A1E7A4F7556}") = "GoodFramework.Abp.TaskManagement.Application.Contracts", "src\modules\task-management\GoodFramework.Abp.TaskManagement.Application.Contracts\GoodFramework.Abp.TaskManagement.Application.Contracts.csproj", "{459FDD5F-ED7B-495B-BD33-5F418C8C0987}"
EndProject
Project("{9A19103F-16F7-4668-BE54-9A1E7A4F7556}") = "GoodFramework.Abp.TaskManagement.Domain", "src\modules\task-management\GoodFramework.Abp.TaskManagement.Domain\GoodFramework.Abp.TaskManagement.Domain.csproj", "{5D8D65CB-AE19-4E80-B2FB-30F1C8900AEF}"
EndProject
Project("{9A19103F-16F7-4668-BE54-9A1E7A4F7556}") = "GoodFramework.Abp.TaskManagement.Domain.Shared", "src\modules\task-management\GoodFramework.Abp.TaskManagement.Domain.Shared\GoodFramework.Abp.TaskManagement.Domain.Shared.csproj", "{697145A1-3E43-4669-88D1-3B150D0DDC7F}"
EndProject
Project("{9A19103F-16F7-4668-BE54-9A1E7A4F7556}") = "GoodFramework.Abp.TaskManagement.EntityFrameworkCore", "src\modules\task-management\GoodFramework.Abp.TaskManagement.EntityFrameworkCore\GoodFramework.Abp.TaskManagement.EntityFrameworkCore.csproj", "{0688DE7D-CAC0-4D89-A841-502D28511B26}"
EndProject
Project("{9A19103F-16F7-4668-BE54-9A1E7A4F7556}") = "GoodFramework.Abp.TaskManagement.HttpApi", "src\modules\task-management\GoodFramework.Abp.TaskManagement.HttpApi\GoodFramework.Abp.TaskManagement.HttpApi.csproj", "{C77F534A-D2C6-4A4B-AEC6-6D7980B2BA36}"
EndProject
Project("{2150E333-8FDC-42A3-9474-1A3956D46DE8}") = "dapr", "dapr", "{BA1EAD5E-DBB7-4E72-A6FA-8D2E8357C605}"
EndProject
Project("{9A19103F-16F7-4668-BE54-9A1E7A4F7556}") = "GoodFramework.Abp.Dapr", "src\modules\dapr\GoodFramework.Abp.Dapr\GoodFramework.Abp.Dapr.csproj", "{4ECB082B-F34E-42C6-A34A-7EA8D1102B84}"
EndProject
Project("{9A19103F-16F7-4668-BE54-9A1E7A4F7556}") = "GoodFramework.Abp.Dapr.Actors", "src\modules\dapr\GoodFramework.Abp.Dapr.Actors\GoodFramework.Abp.Dapr.Actors.csproj", "{DB826930-8BBB-4507-97E7-5E85E0454F0A}"
EndProject
Project("{9A19103F-16F7-4668-BE54-9A1E7A4F7556}") = "GoodFramework.Abp.Dapr.Actors.AspNetCore", "src\modules\dapr\GoodFramework.Abp.Dapr.Actors.AspNetCore\GoodFramework.Abp.Dapr.Actors.AspNetCore.csproj", "{2039206A-2947-414C-A005-6FC3964D2B25}"
EndProject
Project("{9A19103F-16F7-4668-BE54-9A1E7A4F7556}") = "GoodFramework.Abp.Dapr.Client", "src\modules\dapr\GoodFramework.Abp.Dapr.Client\GoodFramework.Abp.Dapr.Client.csproj", "{C7A7092E-F0C6-4EBC-B9B3-4CC2130486CB}"
EndProject
Project("{9A19103F-16F7-4668-BE54-9A1E7A4F7556}") = "GoodFramework.Abp.Dapr.Client.Wrapper", "src\modules\dapr\GoodFramework.Abp.Dapr.Client.Wrapper\GoodFramework.Abp.Dapr.Client.Wrapper.csproj", "{95F99D38-75DE-40E7-B0C7-685BF4E2905C}"
EndProject
Project("{9A19103F-16F7-4668-BE54-9A1E7A4F7556}") = "GoodFramework.Abp.Wrapper", "src\modules\common\GoodFramework.Abp.Wrapper\GoodFramework.Abp.Wrapper.csproj", "{C90E0247-8C7C-4496-B5F4-18D65063B795}"
EndProject
Global
	GlobalSection(SolutionConfigurationPlatforms) = preSolution
		Debug|Any CPU = Debug|Any CPU
		Release|Any CPU = Release|Any CPU
	EndGlobalSection
	GlobalSection(ProjectConfigurationPlatforms) = postSolution
		{554AD327-6DBA-4F8F-96F8-81CE7A0C863F}.Debug|Any CPU.ActiveCfg = Debug|Any CPU
		{554AD327-6DBA-4F8F-96F8-81CE7A0C863F}.Debug|Any CPU.Build.0 = Debug|Any CPU
		{554AD327-6DBA-4F8F-96F8-81CE7A0C863F}.Release|Any CPU.ActiveCfg = Release|Any CPU
		{554AD327-6DBA-4F8F-96F8-81CE7A0C863F}.Release|Any CPU.Build.0 = Release|Any CPU
		{1A94A50E-06DC-43C1-80B5-B662820EC3EB}.Debug|Any CPU.ActiveCfg = Debug|Any CPU
		{1A94A50E-06DC-43C1-80B5-B662820EC3EB}.Debug|Any CPU.Build.0 = Debug|Any CPU
		{1A94A50E-06DC-43C1-80B5-B662820EC3EB}.Release|Any CPU.ActiveCfg = Release|Any CPU
		{1A94A50E-06DC-43C1-80B5-B662820EC3EB}.Release|Any CPU.Build.0 = Release|Any CPU
		{C956DD76-69C8-4A9C-83EA-D17DF83340FD}.Debug|Any CPU.ActiveCfg = Debug|Any CPU
		{C956DD76-69C8-4A9C-83EA-D17DF83340FD}.Debug|Any CPU.Build.0 = Debug|Any CPU
		{C956DD76-69C8-4A9C-83EA-D17DF83340FD}.Release|Any CPU.ActiveCfg = Release|Any CPU
		{C956DD76-69C8-4A9C-83EA-D17DF83340FD}.Release|Any CPU.Build.0 = Release|Any CPU
		{50B2631D-129C-47B3-A587-029CCD6099BC}.Debug|Any CPU.ActiveCfg = Debug|Any CPU
		{50B2631D-129C-47B3-A587-029CCD6099BC}.Debug|Any CPU.Build.0 = Debug|Any CPU
		{50B2631D-129C-47B3-A587-029CCD6099BC}.Release|Any CPU.ActiveCfg = Release|Any CPU
		{50B2631D-129C-47B3-A587-029CCD6099BC}.Release|Any CPU.Build.0 = Release|Any CPU
		{42F719ED-8413-4895-B5B4-5AB56079BC66}.Debug|Any CPU.ActiveCfg = Debug|Any CPU
		{42F719ED-8413-4895-B5B4-5AB56079BC66}.Debug|Any CPU.Build.0 = Debug|Any CPU
		{42F719ED-8413-4895-B5B4-5AB56079BC66}.Release|Any CPU.ActiveCfg = Release|Any CPU
		{42F719ED-8413-4895-B5B4-5AB56079BC66}.Release|Any CPU.Build.0 = Release|Any CPU
		{520659C8-C734-4298-A3DA-B539DB9DFC0B}.Debug|Any CPU.ActiveCfg = Debug|Any CPU
		{520659C8-C734-4298-A3DA-B539DB9DFC0B}.Debug|Any CPU.Build.0 = Debug|Any CPU
		{520659C8-C734-4298-A3DA-B539DB9DFC0B}.Release|Any CPU.ActiveCfg = Release|Any CPU
		{520659C8-C734-4298-A3DA-B539DB9DFC0B}.Release|Any CPU.Build.0 = Release|Any CPU
		{4164BDF7-F527-4E85-9CE6-E3C2D7426A27}.Debug|Any CPU.ActiveCfg = Debug|Any CPU
		{4164BDF7-F527-4E85-9CE6-E3C2D7426A27}.Debug|Any CPU.Build.0 = Debug|Any CPU
		{4164BDF7-F527-4E85-9CE6-E3C2D7426A27}.Release|Any CPU.ActiveCfg = Release|Any CPU
		{4164BDF7-F527-4E85-9CE6-E3C2D7426A27}.Release|Any CPU.Build.0 = Release|Any CPU
		{3B5A0094-670D-4BB1-BFDD-61B88A8773DC}.Debug|Any CPU.ActiveCfg = Debug|Any CPU
		{3B5A0094-670D-4BB1-BFDD-61B88A8773DC}.Debug|Any CPU.Build.0 = Debug|Any CPU
		{3B5A0094-670D-4BB1-BFDD-61B88A8773DC}.Release|Any CPU.ActiveCfg = Release|Any CPU
		{3B5A0094-670D-4BB1-BFDD-61B88A8773DC}.Release|Any CPU.Build.0 = Release|Any CPU
		{1FE30EB9-74A9-47F5-A9F6-7B1FAB672D81}.Debug|Any CPU.ActiveCfg = Debug|Any CPU
		{1FE30EB9-74A9-47F5-A9F6-7B1FAB672D81}.Debug|Any CPU.Build.0 = Debug|Any CPU
		{1FE30EB9-74A9-47F5-A9F6-7B1FAB672D81}.Release|Any CPU.ActiveCfg = Release|Any CPU
		{1FE30EB9-74A9-47F5-A9F6-7B1FAB672D81}.Release|Any CPU.Build.0 = Release|Any CPU
		{91853F21-9CD9-4132-BC29-A7D5D84FFFE7}.Debug|Any CPU.ActiveCfg = Debug|Any CPU
		{91853F21-9CD9-4132-BC29-A7D5D84FFFE7}.Debug|Any CPU.Build.0 = Debug|Any CPU
		{91853F21-9CD9-4132-BC29-A7D5D84FFFE7}.Release|Any CPU.ActiveCfg = Release|Any CPU
		{91853F21-9CD9-4132-BC29-A7D5D84FFFE7}.Release|Any CPU.Build.0 = Release|Any CPU
		{E512F4D9-9375-480F-A2F6-A46509F9D824}.Debug|Any CPU.ActiveCfg = Debug|Any CPU
		{E512F4D9-9375-480F-A2F6-A46509F9D824}.Debug|Any CPU.Build.0 = Debug|Any CPU
		{E512F4D9-9375-480F-A2F6-A46509F9D824}.Release|Any CPU.ActiveCfg = Release|Any CPU
		{E512F4D9-9375-480F-A2F6-A46509F9D824}.Release|Any CPU.Build.0 = Release|Any CPU
		{EF480016-9127-4916-8735-D2466BDBC582}.Debug|Any CPU.ActiveCfg = Debug|Any CPU
		{EF480016-9127-4916-8735-D2466BDBC582}.Debug|Any CPU.Build.0 = Debug|Any CPU
		{EF480016-9127-4916-8735-D2466BDBC582}.Release|Any CPU.ActiveCfg = Release|Any CPU
		{EF480016-9127-4916-8735-D2466BDBC582}.Release|Any CPU.Build.0 = Release|Any CPU
		{AA94D832-1CCC-4715-95A9-A483F23A1A5D}.Debug|Any CPU.ActiveCfg = Debug|Any CPU
		{AA94D832-1CCC-4715-95A9-A483F23A1A5D}.Debug|Any CPU.Build.0 = Debug|Any CPU
		{AA94D832-1CCC-4715-95A9-A483F23A1A5D}.Release|Any CPU.ActiveCfg = Release|Any CPU
		{AA94D832-1CCC-4715-95A9-A483F23A1A5D}.Release|Any CPU.Build.0 = Release|Any CPU
		{748584B1-BA69-4F6A-81AA-F4BDE6BCE29D}.Debug|Any CPU.ActiveCfg = Debug|Any CPU
		{748584B1-BA69-4F6A-81AA-F4BDE6BCE29D}.Debug|Any CPU.Build.0 = Debug|Any CPU
		{748584B1-BA69-4F6A-81AA-F4BDE6BCE29D}.Release|Any CPU.ActiveCfg = Release|Any CPU
		{748584B1-BA69-4F6A-81AA-F4BDE6BCE29D}.Release|Any CPU.Build.0 = Release|Any CPU
		{93594A57-6355-4F4B-A54D-E137B068D51E}.Debug|Any CPU.ActiveCfg = Debug|Any CPU
		{93594A57-6355-4F4B-A54D-E137B068D51E}.Debug|Any CPU.Build.0 = Debug|Any CPU
		{93594A57-6355-4F4B-A54D-E137B068D51E}.Release|Any CPU.ActiveCfg = Release|Any CPU
		{93594A57-6355-4F4B-A54D-E137B068D51E}.Release|Any CPU.Build.0 = Release|Any CPU
		{28DCFB86-CAD6-4C55-AE16-342A72B1736E}.Debug|Any CPU.ActiveCfg = Debug|Any CPU
		{28DCFB86-CAD6-4C55-AE16-342A72B1736E}.Debug|Any CPU.Build.0 = Debug|Any CPU
		{28DCFB86-CAD6-4C55-AE16-342A72B1736E}.Release|Any CPU.ActiveCfg = Release|Any CPU
		{28DCFB86-CAD6-4C55-AE16-342A72B1736E}.Release|Any CPU.Build.0 = Release|Any CPU
		{35367354-B056-496A-91E7-1E38AEB2C639}.Debug|Any CPU.ActiveCfg = Debug|Any CPU
		{35367354-B056-496A-91E7-1E38AEB2C639}.Debug|Any CPU.Build.0 = Debug|Any CPU
		{35367354-B056-496A-91E7-1E38AEB2C639}.Release|Any CPU.ActiveCfg = Release|Any CPU
		{35367354-B056-496A-91E7-1E38AEB2C639}.Release|Any CPU.Build.0 = Release|Any CPU
		{F0F38D19-08AC-4FFC-9A2F-1FDBFD72456D}.Debug|Any CPU.ActiveCfg = Debug|Any CPU
		{F0F38D19-08AC-4FFC-9A2F-1FDBFD72456D}.Debug|Any CPU.Build.0 = Debug|Any CPU
		{F0F38D19-08AC-4FFC-9A2F-1FDBFD72456D}.Release|Any CPU.ActiveCfg = Release|Any CPU
		{F0F38D19-08AC-4FFC-9A2F-1FDBFD72456D}.Release|Any CPU.Build.0 = Release|Any CPU
		{6F3C4788-FC68-417B-924B-8CA940EFF591}.Debug|Any CPU.ActiveCfg = Debug|Any CPU
		{6F3C4788-FC68-417B-924B-8CA940EFF591}.Debug|Any CPU.Build.0 = Debug|Any CPU
		{6F3C4788-FC68-417B-924B-8CA940EFF591}.Release|Any CPU.ActiveCfg = Release|Any CPU
		{6F3C4788-FC68-417B-924B-8CA940EFF591}.Release|Any CPU.Build.0 = Release|Any CPU
		{A76768C3-B498-4823-9913-BBB89F5FFDA3}.Debug|Any CPU.ActiveCfg = Debug|Any CPU
		{A76768C3-B498-4823-9913-BBB89F5FFDA3}.Debug|Any CPU.Build.0 = Debug|Any CPU
		{A76768C3-B498-4823-9913-BBB89F5FFDA3}.Release|Any CPU.ActiveCfg = Release|Any CPU
		{A76768C3-B498-4823-9913-BBB89F5FFDA3}.Release|Any CPU.Build.0 = Release|Any CPU
		{AED47686-10F3-4837-BDDC-BBF4BBD70D9E}.Debug|Any CPU.ActiveCfg = Debug|Any CPU
		{AED47686-10F3-4837-BDDC-BBF4BBD70D9E}.Debug|Any CPU.Build.0 = Debug|Any CPU
		{AED47686-10F3-4837-BDDC-BBF4BBD70D9E}.Release|Any CPU.ActiveCfg = Release|Any CPU
		{AED47686-10F3-4837-BDDC-BBF4BBD70D9E}.Release|Any CPU.Build.0 = Release|Any CPU
		{0172AC66-9245-41E8-88D8-0AAD3ABD0807}.Debug|Any CPU.ActiveCfg = Debug|Any CPU
		{0172AC66-9245-41E8-88D8-0AAD3ABD0807}.Debug|Any CPU.Build.0 = Debug|Any CPU
		{0172AC66-9245-41E8-88D8-0AAD3ABD0807}.Release|Any CPU.ActiveCfg = Release|Any CPU
		{0172AC66-9245-41E8-88D8-0AAD3ABD0807}.Release|Any CPU.Build.0 = Release|Any CPU
		{EE69561D-97B6-4393-96F2-9D73CC827751}.Debug|Any CPU.ActiveCfg = Debug|Any CPU
		{EE69561D-97B6-4393-96F2-9D73CC827751}.Debug|Any CPU.Build.0 = Debug|Any CPU
		{EE69561D-97B6-4393-96F2-9D73CC827751}.Release|Any CPU.ActiveCfg = Release|Any CPU
		{EE69561D-97B6-4393-96F2-9D73CC827751}.Release|Any CPU.Build.0 = Release|Any CPU
		{39A7CB5D-C18B-4141-A31D-4C1EA2D7C9C3}.Debug|Any CPU.ActiveCfg = Debug|Any CPU
		{39A7CB5D-C18B-4141-A31D-4C1EA2D7C9C3}.Debug|Any CPU.Build.0 = Debug|Any CPU
		{39A7CB5D-C18B-4141-A31D-4C1EA2D7C9C3}.Release|Any CPU.ActiveCfg = Release|Any CPU
		{39A7CB5D-C18B-4141-A31D-4C1EA2D7C9C3}.Release|Any CPU.Build.0 = Release|Any CPU
		{D32B1D1D-C764-419C-9F1F-F3CC6350F973}.Debug|Any CPU.ActiveCfg = Debug|Any CPU
		{D32B1D1D-C764-419C-9F1F-F3CC6350F973}.Debug|Any CPU.Build.0 = Debug|Any CPU
		{D32B1D1D-C764-419C-9F1F-F3CC6350F973}.Release|Any CPU.ActiveCfg = Release|Any CPU
		{D32B1D1D-C764-419C-9F1F-F3CC6350F973}.Release|Any CPU.Build.0 = Release|Any CPU
		{74880BB3-A418-446F-A964-CFC81D137D3D}.Debug|Any CPU.ActiveCfg = Debug|Any CPU
		{74880BB3-A418-446F-A964-CFC81D137D3D}.Debug|Any CPU.Build.0 = Debug|Any CPU
		{74880BB3-A418-446F-A964-CFC81D137D3D}.Release|Any CPU.ActiveCfg = Release|Any CPU
		{74880BB3-A418-446F-A964-CFC81D137D3D}.Release|Any CPU.Build.0 = Release|Any CPU
		{1E0B5185-8EB6-48CC-B90C-0DDB9452D216}.Debug|Any CPU.ActiveCfg = Debug|Any CPU
		{1E0B5185-8EB6-48CC-B90C-0DDB9452D216}.Debug|Any CPU.Build.0 = Debug|Any CPU
		{1E0B5185-8EB6-48CC-B90C-0DDB9452D216}.Release|Any CPU.ActiveCfg = Release|Any CPU
		{1E0B5185-8EB6-48CC-B90C-0DDB9452D216}.Release|Any CPU.Build.0 = Release|Any CPU
		{F2B1EB79-7445-4E54-96C6-A1E3A5D5B0BF}.Debug|Any CPU.ActiveCfg = Debug|Any CPU
		{F2B1EB79-7445-4E54-96C6-A1E3A5D5B0BF}.Debug|Any CPU.Build.0 = Debug|Any CPU
		{F2B1EB79-7445-4E54-96C6-A1E3A5D5B0BF}.Release|Any CPU.ActiveCfg = Release|Any CPU
		{F2B1EB79-7445-4E54-96C6-A1E3A5D5B0BF}.Release|Any CPU.Build.0 = Release|Any CPU
		{30A67C17-4CBA-426E-8ED8-2BEBCFACA56B}.Debug|Any CPU.ActiveCfg = Debug|Any CPU
		{30A67C17-4CBA-426E-8ED8-2BEBCFACA56B}.Debug|Any CPU.Build.0 = Debug|Any CPU
		{30A67C17-4CBA-426E-8ED8-2BEBCFACA56B}.Release|Any CPU.ActiveCfg = Release|Any CPU
		{30A67C17-4CBA-426E-8ED8-2BEBCFACA56B}.Release|Any CPU.Build.0 = Release|Any CPU
		{88BD08DF-DE2A-4C02-B0E2-C1C86BEA283B}.Debug|Any CPU.ActiveCfg = Debug|Any CPU
		{88BD08DF-DE2A-4C02-B0E2-C1C86BEA283B}.Debug|Any CPU.Build.0 = Debug|Any CPU
		{88BD08DF-DE2A-4C02-B0E2-C1C86BEA283B}.Release|Any CPU.ActiveCfg = Release|Any CPU
		{88BD08DF-DE2A-4C02-B0E2-C1C86BEA283B}.Release|Any CPU.Build.0 = Release|Any CPU
		{6E9DB5E4-820A-48A6-A215-4FAA177909CD}.Debug|Any CPU.ActiveCfg = Debug|Any CPU
		{6E9DB5E4-820A-48A6-A215-4FAA177909CD}.Debug|Any CPU.Build.0 = Debug|Any CPU
		{6E9DB5E4-820A-48A6-A215-4FAA177909CD}.Release|Any CPU.ActiveCfg = Release|Any CPU
		{6E9DB5E4-820A-48A6-A215-4FAA177909CD}.Release|Any CPU.Build.0 = Release|Any CPU
		{407FA0EB-9573-43D1-BD1F-E4BEF8D1ABE5}.Debug|Any CPU.ActiveCfg = Debug|Any CPU
		{407FA0EB-9573-43D1-BD1F-E4BEF8D1ABE5}.Debug|Any CPU.Build.0 = Debug|Any CPU
		{407FA0EB-9573-43D1-BD1F-E4BEF8D1ABE5}.Release|Any CPU.ActiveCfg = Release|Any CPU
		{407FA0EB-9573-43D1-BD1F-E4BEF8D1ABE5}.Release|Any CPU.Build.0 = Release|Any CPU
		{918E6D61-210A-4381-9C5C-366E27CE8817}.Debug|Any CPU.ActiveCfg = Debug|Any CPU
		{918E6D61-210A-4381-9C5C-366E27CE8817}.Debug|Any CPU.Build.0 = Debug|Any CPU
		{918E6D61-210A-4381-9C5C-366E27CE8817}.Release|Any CPU.ActiveCfg = Release|Any CPU
		{918E6D61-210A-4381-9C5C-366E27CE8817}.Release|Any CPU.Build.0 = Release|Any CPU
		{2E26F744-3471-4653-BD4D-574452DBA5C0}.Debug|Any CPU.ActiveCfg = Debug|Any CPU
		{2E26F744-3471-4653-BD4D-574452DBA5C0}.Debug|Any CPU.Build.0 = Debug|Any CPU
		{2E26F744-3471-4653-BD4D-574452DBA5C0}.Release|Any CPU.ActiveCfg = Release|Any CPU
		{2E26F744-3471-4653-BD4D-574452DBA5C0}.Release|Any CPU.Build.0 = Release|Any CPU
		{81B00CAC-7ED4-410F-A55B-E6F353040F88}.Debug|Any CPU.ActiveCfg = Debug|Any CPU
		{81B00CAC-7ED4-410F-A55B-E6F353040F88}.Debug|Any CPU.Build.0 = Debug|Any CPU
		{81B00CAC-7ED4-410F-A55B-E6F353040F88}.Release|Any CPU.ActiveCfg = Release|Any CPU
		{81B00CAC-7ED4-410F-A55B-E6F353040F88}.Release|Any CPU.Build.0 = Release|Any CPU
		{CED86EAE-E07C-44A4-B671-43DAB90AFC60}.Debug|Any CPU.ActiveCfg = Debug|Any CPU
		{CED86EAE-E07C-44A4-B671-43DAB90AFC60}.Debug|Any CPU.Build.0 = Debug|Any CPU
		{CED86EAE-E07C-44A4-B671-43DAB90AFC60}.Release|Any CPU.ActiveCfg = Release|Any CPU
		{CED86EAE-E07C-44A4-B671-43DAB90AFC60}.Release|Any CPU.Build.0 = Release|Any CPU
		{BEEDB6A1-B5AC-4356-8BB5-2F5479D4B0A2}.Debug|Any CPU.ActiveCfg = Debug|Any CPU
		{BEEDB6A1-B5AC-4356-8BB5-2F5479D4B0A2}.Debug|Any CPU.Build.0 = Debug|Any CPU
		{BEEDB6A1-B5AC-4356-8BB5-2F5479D4B0A2}.Release|Any CPU.ActiveCfg = Release|Any CPU
		{BEEDB6A1-B5AC-4356-8BB5-2F5479D4B0A2}.Release|Any CPU.Build.0 = Release|Any CPU
		{71B2404B-AAE8-444E-BEDC-C2F1AFD081ED}.Debug|Any CPU.ActiveCfg = Debug|Any CPU
		{71B2404B-AAE8-444E-BEDC-C2F1AFD081ED}.Debug|Any CPU.Build.0 = Debug|Any CPU
		{71B2404B-AAE8-444E-BEDC-C2F1AFD081ED}.Release|Any CPU.ActiveCfg = Release|Any CPU
		{71B2404B-AAE8-444E-BEDC-C2F1AFD081ED}.Release|Any CPU.Build.0 = Release|Any CPU
		{9D3785D4-D1AC-4C41-8BDB-35AEB6E9DE79}.Debug|Any CPU.ActiveCfg = Debug|Any CPU
		{9D3785D4-D1AC-4C41-8BDB-35AEB6E9DE79}.Debug|Any CPU.Build.0 = Debug|Any CPU
		{9D3785D4-D1AC-4C41-8BDB-35AEB6E9DE79}.Release|Any CPU.ActiveCfg = Release|Any CPU
		{9D3785D4-D1AC-4C41-8BDB-35AEB6E9DE79}.Release|Any CPU.Build.0 = Release|Any CPU
		{189E4C8B-A729-4FD0-9651-A84FBB727846}.Debug|Any CPU.ActiveCfg = Debug|Any CPU
		{189E4C8B-A729-4FD0-9651-A84FBB727846}.Debug|Any CPU.Build.0 = Debug|Any CPU
		{189E4C8B-A729-4FD0-9651-A84FBB727846}.Release|Any CPU.ActiveCfg = Release|Any CPU
		{189E4C8B-A729-4FD0-9651-A84FBB727846}.Release|Any CPU.Build.0 = Release|Any CPU
		{7CE0878B-275F-4CD5-AB2B-234BB9DF7CAA}.Debug|Any CPU.ActiveCfg = Debug|Any CPU
		{7CE0878B-275F-4CD5-AB2B-234BB9DF7CAA}.Debug|Any CPU.Build.0 = Debug|Any CPU
		{7CE0878B-275F-4CD5-AB2B-234BB9DF7CAA}.Release|Any CPU.ActiveCfg = Release|Any CPU
		{7CE0878B-275F-4CD5-AB2B-234BB9DF7CAA}.Release|Any CPU.Build.0 = Release|Any CPU
		{30BC7A3C-55C3-48B2-88F0-25C8E03898A4}.Debug|Any CPU.ActiveCfg = Debug|Any CPU
		{30BC7A3C-55C3-48B2-88F0-25C8E03898A4}.Debug|Any CPU.Build.0 = Debug|Any CPU
		{30BC7A3C-55C3-48B2-88F0-25C8E03898A4}.Release|Any CPU.ActiveCfg = Release|Any CPU
		{30BC7A3C-55C3-48B2-88F0-25C8E03898A4}.Release|Any CPU.Build.0 = Release|Any CPU
		{5FA39512-42D5-498B-8739-304D39A24686}.Debug|Any CPU.ActiveCfg = Debug|Any CPU
		{5FA39512-42D5-498B-8739-304D39A24686}.Debug|Any CPU.Build.0 = Debug|Any CPU
		{5FA39512-42D5-498B-8739-304D39A24686}.Release|Any CPU.ActiveCfg = Release|Any CPU
		{5FA39512-42D5-498B-8739-304D39A24686}.Release|Any CPU.Build.0 = Release|Any CPU
		{DE5EC816-C9A4-4A87-A683-83CB00FC2567}.Debug|Any CPU.ActiveCfg = Debug|Any CPU
		{DE5EC816-C9A4-4A87-A683-83CB00FC2567}.Debug|Any CPU.Build.0 = Debug|Any CPU
		{DE5EC816-C9A4-4A87-A683-83CB00FC2567}.Release|Any CPU.ActiveCfg = Release|Any CPU
		{DE5EC816-C9A4-4A87-A683-83CB00FC2567}.Release|Any CPU.Build.0 = Release|Any CPU
		{FE687E0D-E8F5-447C-AE4F-6E41CEC06A9B}.Debug|Any CPU.ActiveCfg = Debug|Any CPU
		{FE687E0D-E8F5-447C-AE4F-6E41CEC06A9B}.Debug|Any CPU.Build.0 = Debug|Any CPU
		{FE687E0D-E8F5-447C-AE4F-6E41CEC06A9B}.Release|Any CPU.ActiveCfg = Release|Any CPU
		{FE687E0D-E8F5-447C-AE4F-6E41CEC06A9B}.Release|Any CPU.Build.0 = Release|Any CPU
		{33C85E51-727F-42FB-AE7D-67C563352AB4}.Debug|Any CPU.ActiveCfg = Debug|Any CPU
		{33C85E51-727F-42FB-AE7D-67C563352AB4}.Debug|Any CPU.Build.0 = Debug|Any CPU
		{33C85E51-727F-42FB-AE7D-67C563352AB4}.Release|Any CPU.ActiveCfg = Release|Any CPU
		{33C85E51-727F-42FB-AE7D-67C563352AB4}.Release|Any CPU.Build.0 = Release|Any CPU
		{BD7284BB-88A9-4A5A-B7A6-667CE3C4EE6A}.Debug|Any CPU.ActiveCfg = Debug|Any CPU
		{BD7284BB-88A9-4A5A-B7A6-667CE3C4EE6A}.Debug|Any CPU.Build.0 = Debug|Any CPU
		{BD7284BB-88A9-4A5A-B7A6-667CE3C4EE6A}.Release|Any CPU.ActiveCfg = Release|Any CPU
		{BD7284BB-88A9-4A5A-B7A6-667CE3C4EE6A}.Release|Any CPU.Build.0 = Release|Any CPU
		{578A9F87-A7F3-47D2-B6E4-B40380D13EE0}.Debug|Any CPU.ActiveCfg = Debug|Any CPU
		{578A9F87-A7F3-47D2-B6E4-B40380D13EE0}.Debug|Any CPU.Build.0 = Debug|Any CPU
		{578A9F87-A7F3-47D2-B6E4-B40380D13EE0}.Release|Any CPU.ActiveCfg = Release|Any CPU
		{578A9F87-A7F3-47D2-B6E4-B40380D13EE0}.Release|Any CPU.Build.0 = Release|Any CPU
		{229E232D-07A0-4E94-85C5-207D9417FC5F}.Debug|Any CPU.ActiveCfg = Debug|Any CPU
		{229E232D-07A0-4E94-85C5-207D9417FC5F}.Debug|Any CPU.Build.0 = Debug|Any CPU
		{229E232D-07A0-4E94-85C5-207D9417FC5F}.Release|Any CPU.ActiveCfg = Release|Any CPU
		{229E232D-07A0-4E94-85C5-207D9417FC5F}.Release|Any CPU.Build.0 = Release|Any CPU
		{9D9DCF62-BFE0-43CB-9E01-310A8EEF156A}.Debug|Any CPU.ActiveCfg = Debug|Any CPU
		{9D9DCF62-BFE0-43CB-9E01-310A8EEF156A}.Debug|Any CPU.Build.0 = Debug|Any CPU
		{9D9DCF62-BFE0-43CB-9E01-310A8EEF156A}.Release|Any CPU.ActiveCfg = Release|Any CPU
		{9D9DCF62-BFE0-43CB-9E01-310A8EEF156A}.Release|Any CPU.Build.0 = Release|Any CPU
		{B6B825D6-9E8C-493A-93AE-E83221F5AAB6}.Debug|Any CPU.ActiveCfg = Debug|Any CPU
		{B6B825D6-9E8C-493A-93AE-E83221F5AAB6}.Debug|Any CPU.Build.0 = Debug|Any CPU
		{B6B825D6-9E8C-493A-93AE-E83221F5AAB6}.Release|Any CPU.ActiveCfg = Release|Any CPU
		{B6B825D6-9E8C-493A-93AE-E83221F5AAB6}.Release|Any CPU.Build.0 = Release|Any CPU
		{E64CE7E3-C0B1-425B-BE58-9EABB275A9CA}.Debug|Any CPU.ActiveCfg = Debug|Any CPU
		{E64CE7E3-C0B1-425B-BE58-9EABB275A9CA}.Debug|Any CPU.Build.0 = Debug|Any CPU
		{E64CE7E3-C0B1-425B-BE58-9EABB275A9CA}.Release|Any CPU.ActiveCfg = Release|Any CPU
		{E64CE7E3-C0B1-425B-BE58-9EABB275A9CA}.Release|Any CPU.Build.0 = Release|Any CPU
		{206FD8BA-6B57-4668-9CEC-B8ABFE648D30}.Debug|Any CPU.ActiveCfg = Debug|Any CPU
		{206FD8BA-6B57-4668-9CEC-B8ABFE648D30}.Debug|Any CPU.Build.0 = Debug|Any CPU
		{206FD8BA-6B57-4668-9CEC-B8ABFE648D30}.Release|Any CPU.ActiveCfg = Release|Any CPU
		{206FD8BA-6B57-4668-9CEC-B8ABFE648D30}.Release|Any CPU.Build.0 = Release|Any CPU
		{57B49311-BC09-4611-B017-AB95BE588095}.Debug|Any CPU.ActiveCfg = Debug|Any CPU
		{57B49311-BC09-4611-B017-AB95BE588095}.Debug|Any CPU.Build.0 = Debug|Any CPU
		{57B49311-BC09-4611-B017-AB95BE588095}.Release|Any CPU.ActiveCfg = Release|Any CPU
		{57B49311-BC09-4611-B017-AB95BE588095}.Release|Any CPU.Build.0 = Release|Any CPU
		{2E7CBAAA-24EA-4A06-B816-15B8F006A994}.Debug|Any CPU.ActiveCfg = Debug|Any CPU
		{2E7CBAAA-24EA-4A06-B816-15B8F006A994}.Debug|Any CPU.Build.0 = Debug|Any CPU
		{2E7CBAAA-24EA-4A06-B816-15B8F006A994}.Release|Any CPU.ActiveCfg = Release|Any CPU
		{2E7CBAAA-24EA-4A06-B816-15B8F006A994}.Release|Any CPU.Build.0 = Release|Any CPU
		{75EB7F2E-EA62-46E8-8563-69E6FFF7E204}.Debug|Any CPU.ActiveCfg = Debug|Any CPU
		{75EB7F2E-EA62-46E8-8563-69E6FFF7E204}.Debug|Any CPU.Build.0 = Debug|Any CPU
		{75EB7F2E-EA62-46E8-8563-69E6FFF7E204}.Release|Any CPU.ActiveCfg = Release|Any CPU
		{75EB7F2E-EA62-46E8-8563-69E6FFF7E204}.Release|Any CPU.Build.0 = Release|Any CPU
		{0E7E2660-4D2C-4C92-9605-66A3D3E8EC0E}.Debug|Any CPU.ActiveCfg = Debug|Any CPU
		{0E7E2660-4D2C-4C92-9605-66A3D3E8EC0E}.Debug|Any CPU.Build.0 = Debug|Any CPU
		{0E7E2660-4D2C-4C92-9605-66A3D3E8EC0E}.Release|Any CPU.ActiveCfg = Release|Any CPU
		{0E7E2660-4D2C-4C92-9605-66A3D3E8EC0E}.Release|Any CPU.Build.0 = Release|Any CPU
		{280667C1-FA99-4717-AA72-44776B083CF5}.Debug|Any CPU.ActiveCfg = Debug|Any CPU
		{280667C1-FA99-4717-AA72-44776B083CF5}.Debug|Any CPU.Build.0 = Debug|Any CPU
		{280667C1-FA99-4717-AA72-44776B083CF5}.Release|Any CPU.ActiveCfg = Release|Any CPU
		{280667C1-FA99-4717-AA72-44776B083CF5}.Release|Any CPU.Build.0 = Release|Any CPU
		{3DFF48DE-68CF-4046-B0F1-08D7AE5A5220}.Debug|Any CPU.ActiveCfg = Debug|Any CPU
		{3DFF48DE-68CF-4046-B0F1-08D7AE5A5220}.Debug|Any CPU.Build.0 = Debug|Any CPU
		{3DFF48DE-68CF-4046-B0F1-08D7AE5A5220}.Release|Any CPU.ActiveCfg = Release|Any CPU
		{3DFF48DE-68CF-4046-B0F1-08D7AE5A5220}.Release|Any CPU.Build.0 = Release|Any CPU
		{2ABF3422-81B0-403C-8F29-AB5DEE8EF455}.Debug|Any CPU.ActiveCfg = Debug|Any CPU
		{2ABF3422-81B0-403C-8F29-AB5DEE8EF455}.Debug|Any CPU.Build.0 = Debug|Any CPU
		{2ABF3422-81B0-403C-8F29-AB5DEE8EF455}.Release|Any CPU.ActiveCfg = Release|Any CPU
		{2ABF3422-81B0-403C-8F29-AB5DEE8EF455}.Release|Any CPU.Build.0 = Release|Any CPU
		{6653DA7C-0593-4C75-9958-EC6591C3FCC9}.Debug|Any CPU.ActiveCfg = Debug|Any CPU
		{6653DA7C-0593-4C75-9958-EC6591C3FCC9}.Debug|Any CPU.Build.0 = Debug|Any CPU
		{6653DA7C-0593-4C75-9958-EC6591C3FCC9}.Release|Any CPU.ActiveCfg = Release|Any CPU
		{6653DA7C-0593-4C75-9958-EC6591C3FCC9}.Release|Any CPU.Build.0 = Release|Any CPU
		{1897963F-AEA3-4899-AB13-A23E44254AD1}.Debug|Any CPU.ActiveCfg = Debug|Any CPU
		{1897963F-AEA3-4899-AB13-A23E44254AD1}.Debug|Any CPU.Build.0 = Debug|Any CPU
		{1897963F-AEA3-4899-AB13-A23E44254AD1}.Release|Any CPU.ActiveCfg = Release|Any CPU
		{1897963F-AEA3-4899-AB13-A23E44254AD1}.Release|Any CPU.Build.0 = Release|Any CPU
		{AFC87FFF-8861-4FE8-B5E0-7A36554829DB}.Debug|Any CPU.ActiveCfg = Debug|Any CPU
		{AFC87FFF-8861-4FE8-B5E0-7A36554829DB}.Debug|Any CPU.Build.0 = Debug|Any CPU
		{AFC87FFF-8861-4FE8-B5E0-7A36554829DB}.Release|Any CPU.ActiveCfg = Release|Any CPU
		{AFC87FFF-8861-4FE8-B5E0-7A36554829DB}.Release|Any CPU.Build.0 = Release|Any CPU
		{8AE8C649-4931-4627-BCD3-558B3D0D8CF1}.Debug|Any CPU.ActiveCfg = Debug|Any CPU
		{8AE8C649-4931-4627-BCD3-558B3D0D8CF1}.Debug|Any CPU.Build.0 = Debug|Any CPU
		{8AE8C649-4931-4627-BCD3-558B3D0D8CF1}.Release|Any CPU.ActiveCfg = Release|Any CPU
		{8AE8C649-4931-4627-BCD3-558B3D0D8CF1}.Release|Any CPU.Build.0 = Release|Any CPU
		{B1A93A75-8341-48C1-85E9-3839E49C2574}.Debug|Any CPU.ActiveCfg = Debug|Any CPU
		{B1A93A75-8341-48C1-85E9-3839E49C2574}.Debug|Any CPU.Build.0 = Debug|Any CPU
		{B1A93A75-8341-48C1-85E9-3839E49C2574}.Release|Any CPU.ActiveCfg = Release|Any CPU
		{B1A93A75-8341-48C1-85E9-3839E49C2574}.Release|Any CPU.Build.0 = Release|Any CPU
		{46341B1A-FA79-4D9D-939B-1115C3F8CDD2}.Debug|Any CPU.ActiveCfg = Debug|Any CPU
		{46341B1A-FA79-4D9D-939B-1115C3F8CDD2}.Debug|Any CPU.Build.0 = Debug|Any CPU
		{46341B1A-FA79-4D9D-939B-1115C3F8CDD2}.Release|Any CPU.ActiveCfg = Release|Any CPU
		{46341B1A-FA79-4D9D-939B-1115C3F8CDD2}.Release|Any CPU.Build.0 = Release|Any CPU
		{93A8EF08-0D3D-40EF-ADD7-4A6DABF42EB9}.Debug|Any CPU.ActiveCfg = Debug|Any CPU
		{93A8EF08-0D3D-40EF-ADD7-4A6DABF42EB9}.Debug|Any CPU.Build.0 = Debug|Any CPU
		{93A8EF08-0D3D-40EF-ADD7-4A6DABF42EB9}.Release|Any CPU.ActiveCfg = Release|Any CPU
		{93A8EF08-0D3D-40EF-ADD7-4A6DABF42EB9}.Release|Any CPU.Build.0 = Release|Any CPU
		{120E1958-0DE1-47E9-88C7-505FEA4F4011}.Debug|Any CPU.ActiveCfg = Debug|Any CPU
		{120E1958-0DE1-47E9-88C7-505FEA4F4011}.Debug|Any CPU.Build.0 = Debug|Any CPU
		{120E1958-0DE1-47E9-88C7-505FEA4F4011}.Release|Any CPU.ActiveCfg = Release|Any CPU
		{120E1958-0DE1-47E9-88C7-505FEA4F4011}.Release|Any CPU.Build.0 = Release|Any CPU
		{69509C95-1B35-457B-858E-7FF19F8A7CDB}.Debug|Any CPU.ActiveCfg = Debug|Any CPU
		{69509C95-1B35-457B-858E-7FF19F8A7CDB}.Debug|Any CPU.Build.0 = Debug|Any CPU
		{69509C95-1B35-457B-858E-7FF19F8A7CDB}.Release|Any CPU.ActiveCfg = Release|Any CPU
		{69509C95-1B35-457B-858E-7FF19F8A7CDB}.Release|Any CPU.Build.0 = Release|Any CPU
		{FF28F287-FE40-4124-B6F0-332FE3B546B3}.Debug|Any CPU.ActiveCfg = Debug|Any CPU
		{FF28F287-FE40-4124-B6F0-332FE3B546B3}.Debug|Any CPU.Build.0 = Debug|Any CPU
		{FF28F287-FE40-4124-B6F0-332FE3B546B3}.Release|Any CPU.ActiveCfg = Release|Any CPU
		{FF28F287-FE40-4124-B6F0-332FE3B546B3}.Release|Any CPU.Build.0 = Release|Any CPU
		{459FDD5F-ED7B-495B-BD33-5F418C8C0987}.Debug|Any CPU.ActiveCfg = Debug|Any CPU
		{459FDD5F-ED7B-495B-BD33-5F418C8C0987}.Debug|Any CPU.Build.0 = Debug|Any CPU
		{459FDD5F-ED7B-495B-BD33-5F418C8C0987}.Release|Any CPU.ActiveCfg = Release|Any CPU
		{459FDD5F-ED7B-495B-BD33-5F418C8C0987}.Release|Any CPU.Build.0 = Release|Any CPU
		{5D8D65CB-AE19-4E80-B2FB-30F1C8900AEF}.Debug|Any CPU.ActiveCfg = Debug|Any CPU
		{5D8D65CB-AE19-4E80-B2FB-30F1C8900AEF}.Debug|Any CPU.Build.0 = Debug|Any CPU
		{5D8D65CB-AE19-4E80-B2FB-30F1C8900AEF}.Release|Any CPU.ActiveCfg = Release|Any CPU
		{5D8D65CB-AE19-4E80-B2FB-30F1C8900AEF}.Release|Any CPU.Build.0 = Release|Any CPU
		{697145A1-3E43-4669-88D1-3B150D0DDC7F}.Debug|Any CPU.ActiveCfg = Debug|Any CPU
		{697145A1-3E43-4669-88D1-3B150D0DDC7F}.Debug|Any CPU.Build.0 = Debug|Any CPU
		{697145A1-3E43-4669-88D1-3B150D0DDC7F}.Release|Any CPU.ActiveCfg = Release|Any CPU
		{697145A1-3E43-4669-88D1-3B150D0DDC7F}.Release|Any CPU.Build.0 = Release|Any CPU
		{0688DE7D-CAC0-4D89-A841-502D28511B26}.Debug|Any CPU.ActiveCfg = Debug|Any CPU
		{0688DE7D-CAC0-4D89-A841-502D28511B26}.Debug|Any CPU.Build.0 = Debug|Any CPU
		{0688DE7D-CAC0-4D89-A841-502D28511B26}.Release|Any CPU.ActiveCfg = Release|Any CPU
		{0688DE7D-CAC0-4D89-A841-502D28511B26}.Release|Any CPU.Build.0 = Release|Any CPU
		{C77F534A-D2C6-4A4B-AEC6-6D7980B2BA36}.Debug|Any CPU.ActiveCfg = Debug|Any CPU
		{C77F534A-D2C6-4A4B-AEC6-6D7980B2BA36}.Debug|Any CPU.Build.0 = Debug|Any CPU
		{C77F534A-D2C6-4A4B-AEC6-6D7980B2BA36}.Release|Any CPU.ActiveCfg = Release|Any CPU
		{C77F534A-D2C6-4A4B-AEC6-6D7980B2BA36}.Release|Any CPU.Build.0 = Release|Any CPU
		{4ECB082B-F34E-42C6-A34A-7EA8D1102B84}.Debug|Any CPU.ActiveCfg = Debug|Any CPU
		{4ECB082B-F34E-42C6-A34A-7EA8D1102B84}.Debug|Any CPU.Build.0 = Debug|Any CPU
		{4ECB082B-F34E-42C6-A34A-7EA8D1102B84}.Release|Any CPU.ActiveCfg = Release|Any CPU
		{4ECB082B-F34E-42C6-A34A-7EA8D1102B84}.Release|Any CPU.Build.0 = Release|Any CPU
		{DB826930-8BBB-4507-97E7-5E85E0454F0A}.Debug|Any CPU.ActiveCfg = Debug|Any CPU
		{DB826930-8BBB-4507-97E7-5E85E0454F0A}.Debug|Any CPU.Build.0 = Debug|Any CPU
		{DB826930-8BBB-4507-97E7-5E85E0454F0A}.Release|Any CPU.ActiveCfg = Release|Any CPU
		{DB826930-8BBB-4507-97E7-5E85E0454F0A}.Release|Any CPU.Build.0 = Release|Any CPU
		{2039206A-2947-414C-A005-6FC3964D2B25}.Debug|Any CPU.ActiveCfg = Debug|Any CPU
		{2039206A-2947-414C-A005-6FC3964D2B25}.Debug|Any CPU.Build.0 = Debug|Any CPU
		{2039206A-2947-414C-A005-6FC3964D2B25}.Release|Any CPU.ActiveCfg = Release|Any CPU
		{2039206A-2947-414C-A005-6FC3964D2B25}.Release|Any CPU.Build.0 = Release|Any CPU
		{C7A7092E-F0C6-4EBC-B9B3-4CC2130486CB}.Debug|Any CPU.ActiveCfg = Debug|Any CPU
		{C7A7092E-F0C6-4EBC-B9B3-4CC2130486CB}.Debug|Any CPU.Build.0 = Debug|Any CPU
		{C7A7092E-F0C6-4EBC-B9B3-4CC2130486CB}.Release|Any CPU.ActiveCfg = Release|Any CPU
		{C7A7092E-F0C6-4EBC-B9B3-4CC2130486CB}.Release|Any CPU.Build.0 = Release|Any CPU
		{95F99D38-75DE-40E7-B0C7-685BF4E2905C}.Debug|Any CPU.ActiveCfg = Debug|Any CPU
		{95F99D38-75DE-40E7-B0C7-685BF4E2905C}.Debug|Any CPU.Build.0 = Debug|Any CPU
		{95F99D38-75DE-40E7-B0C7-685BF4E2905C}.Release|Any CPU.ActiveCfg = Release|Any CPU
		{95F99D38-75DE-40E7-B0C7-685BF4E2905C}.Release|Any CPU.Build.0 = Release|Any CPU
		{C90E0247-8C7C-4496-B5F4-18D65063B795}.Debug|Any CPU.ActiveCfg = Debug|Any CPU
		{C90E0247-8C7C-4496-B5F4-18D65063B795}.Debug|Any CPU.Build.0 = Debug|Any CPU
		{C90E0247-8C7C-4496-B5F4-18D65063B795}.Release|Any CPU.ActiveCfg = Release|Any CPU
		{C90E0247-8C7C-4496-B5F4-18D65063B795}.Release|Any CPU.Build.0 = Release|Any CPU
	EndGlobalSection
	GlobalSection(SolutionProperties) = preSolution
		HideSolutionNode = FALSE
	EndGlobalSection
	GlobalSection(NestedProjects) = preSolution
		{554AD327-6DBA-4F8F-96F8-81CE7A0C863F} = {CA9AC87F-097E-4F15-8393-4BC07735A5B0}
		{1A94A50E-06DC-43C1-80B5-B662820EC3EB} = {CA9AC87F-097E-4F15-8393-4BC07735A5B0}
		{C956DD76-69C8-4A9C-83EA-D17DF83340FD} = {CA9AC87F-097E-4F15-8393-4BC07735A5B0}
		{CA9AC87F-097E-4F15-8393-4BC07735A5B0} = {FBBC6587-CC01-48B9-8B12-702039AAE302}
		{50B2631D-129C-47B3-A587-029CCD6099BC} = {04DBDB01-70F4-4E06-B468-8F87850B22BE}
		{42F719ED-8413-4895-B5B4-5AB56079BC66} = {CA9AC87F-097E-4F15-8393-4BC07735A5B0}
		{520659C8-C734-4298-A3DA-B539DB9DFC0B} = {CA9AC87F-097E-4F15-8393-4BC07735A5B0}
		{4164BDF7-F527-4E85-9CE6-E3C2D7426A27} = {CA9AC87F-097E-4F15-8393-4BC07735A5B0}
		{3B5A0094-670D-4BB1-BFDD-61B88A8773DC} = {CA9AC87F-097E-4F15-8393-4BC07735A5B0}
		{1FE30EB9-74A9-47F5-A9F6-7B1FAB672D81} = {04DBDB01-70F4-4E06-B468-8F87850B22BE}
		{91853F21-9CD9-4132-BC29-A7D5D84FFFE7} = {04DBDB01-70F4-4E06-B468-8F87850B22BE}
		{E512F4D9-9375-480F-A2F6-A46509F9D824} = {04DBDB01-70F4-4E06-B468-8F87850B22BE}
		{EF480016-9127-4916-8735-D2466BDBC582} = {04DBDB01-70F4-4E06-B468-8F87850B22BE}
		{AA94D832-1CCC-4715-95A9-A483F23A1A5D} = {3BB1D479-0768-4806-8E77-D6FC50F27904}
		{748584B1-BA69-4F6A-81AA-F4BDE6BCE29D} = {FCCFFE05-DCE8-4B56-BED8-DF4CA097E4A2}
		{AC0D8047-B635-4661-BBF5-176D61A34566} = {FBBC6587-CC01-48B9-8B12-702039AAE302}
		{3795BB35-BA6F-43AB-AE12-9E2581D65C01} = {FBBC6587-CC01-48B9-8B12-702039AAE302}
		{93594A57-6355-4F4B-A54D-E137B068D51E} = {3795BB35-BA6F-43AB-AE12-9E2581D65C01}
		{28DCFB86-CAD6-4C55-AE16-342A72B1736E} = {AC0D8047-B635-4661-BBF5-176D61A34566}
		{35367354-B056-496A-91E7-1E38AEB2C639} = {AC0D8047-B635-4661-BBF5-176D61A34566}
		{F0F38D19-08AC-4FFC-9A2F-1FDBFD72456D} = {AC0D8047-B635-4661-BBF5-176D61A34566}
		{6F3C4788-FC68-417B-924B-8CA940EFF591} = {AC0D8047-B635-4661-BBF5-176D61A34566}
		{A76768C3-B498-4823-9913-BBB89F5FFDA3} = {AC0D8047-B635-4661-BBF5-176D61A34566}
		{AED47686-10F3-4837-BDDC-BBF4BBD70D9E} = {AC0D8047-B635-4661-BBF5-176D61A34566}
		{0172AC66-9245-41E8-88D8-0AAD3ABD0807} = {AC0D8047-B635-4661-BBF5-176D61A34566}
		{EE69561D-97B6-4393-96F2-9D73CC827751} = {3BB1D479-0768-4806-8E77-D6FC50F27904}
		{391EEE38-0294-46CE-8EDC-FAEDE8ED73E8} = {FBBC6587-CC01-48B9-8B12-702039AAE302}
		{39A7CB5D-C18B-4141-A31D-4C1EA2D7C9C3} = {391EEE38-0294-46CE-8EDC-FAEDE8ED73E8}
		{B16DCF4D-4711-4F21-A9D7-2223BBAA968C} = {FBBC6587-CC01-48B9-8B12-702039AAE302}
		{D32B1D1D-C764-419C-9F1F-F3CC6350F973} = {B16DCF4D-4711-4F21-A9D7-2223BBAA968C}
		{74880BB3-A418-446F-A964-CFC81D137D3D} = {B16DCF4D-4711-4F21-A9D7-2223BBAA968C}
		{A5C76F19-CB44-42CC-A71E-72D977C8267A} = {FBBC6587-CC01-48B9-8B12-702039AAE302}
		{1E0B5185-8EB6-48CC-B90C-0DDB9452D216} = {A5C76F19-CB44-42CC-A71E-72D977C8267A}
		{F2B1EB79-7445-4E54-96C6-A1E3A5D5B0BF} = {A5C76F19-CB44-42CC-A71E-72D977C8267A}
		{30A67C17-4CBA-426E-8ED8-2BEBCFACA56B} = {A5C76F19-CB44-42CC-A71E-72D977C8267A}
		{88BD08DF-DE2A-4C02-B0E2-C1C86BEA283B} = {A5C76F19-CB44-42CC-A71E-72D977C8267A}
		{6E9DB5E4-820A-48A6-A215-4FAA177909CD} = {A5C76F19-CB44-42CC-A71E-72D977C8267A}
		{407FA0EB-9573-43D1-BD1F-E4BEF8D1ABE5} = {A5C76F19-CB44-42CC-A71E-72D977C8267A}
		{918E6D61-210A-4381-9C5C-366E27CE8817} = {A5C76F19-CB44-42CC-A71E-72D977C8267A}
		{2E26F744-3471-4653-BD4D-574452DBA5C0} = {A5C76F19-CB44-42CC-A71E-72D977C8267A}
		{0272CF71-09DA-42D6-8024-36EA47F809D8} = {FBBC6587-CC01-48B9-8B12-702039AAE302}
		{81B00CAC-7ED4-410F-A55B-E6F353040F88} = {0272CF71-09DA-42D6-8024-36EA47F809D8}
		{33A453BF-EA20-44CB-8A81-67377EB54802} = {FBBC6587-CC01-48B9-8B12-702039AAE302}
		{CED86EAE-E07C-44A4-B671-43DAB90AFC60} = {33A453BF-EA20-44CB-8A81-67377EB54802}
		{BEEDB6A1-B5AC-4356-8BB5-2F5479D4B0A2} = {33A453BF-EA20-44CB-8A81-67377EB54802}
		{71B2404B-AAE8-444E-BEDC-C2F1AFD081ED} = {33A453BF-EA20-44CB-8A81-67377EB54802}
		{9D3785D4-D1AC-4C41-8BDB-35AEB6E9DE79} = {33A453BF-EA20-44CB-8A81-67377EB54802}
		{189E4C8B-A729-4FD0-9651-A84FBB727846} = {33A453BF-EA20-44CB-8A81-67377EB54802}
		{7CE0878B-275F-4CD5-AB2B-234BB9DF7CAA} = {33A453BF-EA20-44CB-8A81-67377EB54802}
		{96B3ACF5-2CA9-4CE1-B965-78F3FFF0FCF1} = {FBBC6587-CC01-48B9-8B12-702039AAE302}
		{30BC7A3C-55C3-48B2-88F0-25C8E03898A4} = {96B3ACF5-2CA9-4CE1-B965-78F3FFF0FCF1}
		{B72CCAE1-6955-4C0C-9051-2F73CD3E65A3} = {FBBC6587-CC01-48B9-8B12-702039AAE302}
		{5FA39512-42D5-498B-8739-304D39A24686} = {B72CCAE1-6955-4C0C-9051-2F73CD3E65A3}
		{DE5EC816-C9A4-4A87-A683-83CB00FC2567} = {B72CCAE1-6955-4C0C-9051-2F73CD3E65A3}
		{FE687E0D-E8F5-447C-AE4F-6E41CEC06A9B} = {B72CCAE1-6955-4C0C-9051-2F73CD3E65A3}
		{33C85E51-727F-42FB-AE7D-67C563352AB4} = {B72CCAE1-6955-4C0C-9051-2F73CD3E65A3}
		{BD7284BB-88A9-4A5A-B7A6-667CE3C4EE6A} = {391EEE38-0294-46CE-8EDC-FAEDE8ED73E8}
		{A4ED11D1-DFCA-4ADE-921F-BCF987283142} = {FBBC6587-CC01-48B9-8B12-702039AAE302}
		{578A9F87-A7F3-47D2-B6E4-B40380D13EE0} = {A4ED11D1-DFCA-4ADE-921F-BCF987283142}
		{229E232D-07A0-4E94-85C5-207D9417FC5F} = {A4ED11D1-DFCA-4ADE-921F-BCF987283142}
		{9D9DCF62-BFE0-43CB-9E01-310A8EEF156A} = {A4ED11D1-DFCA-4ADE-921F-BCF987283142}
		{56B02345-6A8D-49C8-BB45-619E06C3EDCB} = {FBBC6587-CC01-48B9-8B12-702039AAE302}
		{B6B825D6-9E8C-493A-93AE-E83221F5AAB6} = {56B02345-6A8D-49C8-BB45-619E06C3EDCB}
		{E64CE7E3-C0B1-425B-BE58-9EABB275A9CA} = {56B02345-6A8D-49C8-BB45-619E06C3EDCB}
		{206FD8BA-6B57-4668-9CEC-B8ABFE648D30} = {56B02345-6A8D-49C8-BB45-619E06C3EDCB}
		{57B49311-BC09-4611-B017-AB95BE588095} = {391EEE38-0294-46CE-8EDC-FAEDE8ED73E8}
		{96A56D1C-D815-4BB7-B141-ACB9CF3CC006} = {FBBC6587-CC01-48B9-8B12-702039AAE302}
		{2E7CBAAA-24EA-4A06-B816-15B8F006A994} = {96A56D1C-D815-4BB7-B141-ACB9CF3CC006}
		{75EB7F2E-EA62-46E8-8563-69E6FFF7E204} = {96A56D1C-D815-4BB7-B141-ACB9CF3CC006}
		{0E7E2660-4D2C-4C92-9605-66A3D3E8EC0E} = {96A56D1C-D815-4BB7-B141-ACB9CF3CC006}
		{280667C1-FA99-4717-AA72-44776B083CF5} = {96A56D1C-D815-4BB7-B141-ACB9CF3CC006}
		{3DFF48DE-68CF-4046-B0F1-08D7AE5A5220} = {96A56D1C-D815-4BB7-B141-ACB9CF3CC006}
		{2ABF3422-81B0-403C-8F29-AB5DEE8EF455} = {96A56D1C-D815-4BB7-B141-ACB9CF3CC006}
		{6653DA7C-0593-4C75-9958-EC6591C3FCC9} = {391EEE38-0294-46CE-8EDC-FAEDE8ED73E8}
		{1897963F-AEA3-4899-AB13-A23E44254AD1} = {391EEE38-0294-46CE-8EDC-FAEDE8ED73E8}
		{AFC87FFF-8861-4FE8-B5E0-7A36554829DB} = {391EEE38-0294-46CE-8EDC-FAEDE8ED73E8}
		{8AE8C649-4931-4627-BCD3-558B3D0D8CF1} = {391EEE38-0294-46CE-8EDC-FAEDE8ED73E8}
		{B1A93A75-8341-48C1-85E9-3839E49C2574} = {391EEE38-0294-46CE-8EDC-FAEDE8ED73E8}
		{8C1215A9-8E51-48A0-B3CF-92614905EDAE} = {FBBC6587-CC01-48B9-8B12-702039AAE302}
		{46341B1A-FA79-4D9D-939B-1115C3F8CDD2} = {8C1215A9-8E51-48A0-B3CF-92614905EDAE}
		{93A8EF08-0D3D-40EF-ADD7-4A6DABF42EB9} = {8C1215A9-8E51-48A0-B3CF-92614905EDAE}
		{120E1958-0DE1-47E9-88C7-505FEA4F4011} = {8C1215A9-8E51-48A0-B3CF-92614905EDAE}
		{69509C95-1B35-457B-858E-7FF19F8A7CDB} = {8C1215A9-8E51-48A0-B3CF-92614905EDAE}
		{FF28F287-FE40-4124-B6F0-332FE3B546B3} = {8C1215A9-8E51-48A0-B3CF-92614905EDAE}
		{459FDD5F-ED7B-495B-BD33-5F418C8C0987} = {8C1215A9-8E51-48A0-B3CF-92614905EDAE}
		{5D8D65CB-AE19-4E80-B2FB-30F1C8900AEF} = {8C1215A9-8E51-48A0-B3CF-92614905EDAE}
		{697145A1-3E43-4669-88D1-3B150D0DDC7F} = {8C1215A9-8E51-48A0-B3CF-92614905EDAE}
		{0688DE7D-CAC0-4D89-A841-502D28511B26} = {8C1215A9-8E51-48A0-B3CF-92614905EDAE}
		{C77F534A-D2C6-4A4B-AEC6-6D7980B2BA36} = {8C1215A9-8E51-48A0-B3CF-92614905EDAE}
		{BA1EAD5E-DBB7-4E72-A6FA-8D2E8357C605} = {FBBC6587-CC01-48B9-8B12-702039AAE302}
		{4ECB082B-F34E-42C6-A34A-7EA8D1102B84} = {BA1EAD5E-DBB7-4E72-A6FA-8D2E8357C605}
		{DB826930-8BBB-4507-97E7-5E85E0454F0A} = {BA1EAD5E-DBB7-4E72-A6FA-8D2E8357C605}
		{2039206A-2947-414C-A005-6FC3964D2B25} = {BA1EAD5E-DBB7-4E72-A6FA-8D2E8357C605}
		{C7A7092E-F0C6-4EBC-B9B3-4CC2130486CB} = {BA1EAD5E-DBB7-4E72-A6FA-8D2E8357C605}
		{95F99D38-75DE-40E7-B0C7-685BF4E2905C} = {BA1EAD5E-DBB7-4E72-A6FA-8D2E8357C605}
		{C90E0247-8C7C-4496-B5F4-18D65063B795} = {391EEE38-0294-46CE-8EDC-FAEDE8ED73E8}
	EndGlobalSection
	GlobalSection(ExtensibilityGlobals) = postSolution
		SolutionGuid = {28315BFD-90E7-4E14-A2EA-F3D23AF4126F}
	EndGlobalSection
EndGlobal
