Microsoft Visual Studio Solution File, Format Version 12.00
# Visual Studio Version 17
VisualStudioVersion = 17.0.32014.148
MinimumVisualStudioVersion = 10.0.40219.1
Project("{9A19103F-16F7-4668-BE54-9A1E7A4F7556}") = "GoodFramework.Basic.Domain", "src\modules\basic\GoodFramework.Basic.Domain\GoodFramework.Basic.Domain.csproj", "{554AD327-6DBA-4F8F-96F8-81CE7A0C863F}"
EndProject
Project("{9A19103F-16F7-4668-BE54-9A1E7A4F7556}") = "GoodFramework.Basic.Application", "src\modules\basic\GoodFramework.Basic.Application\GoodFramework.Basic.Application.csproj", "{1A94A50E-06DC-43C1-80B5-B662820EC3EB}"
EndProject
Project("{9A19103F-16F7-4668-BE54-9A1E7A4F7556}") = "GoodFramework.Basic.EntityFrameworkCore", "src\modules\basic\GoodFramework.Basic.EntityFrameworkCore\GoodFramework.Basic.EntityFrameworkCore.csproj", "{C956DD76-69C8-4A9C-83EA-D17DF83340FD}"
EndProject
Project("{2150E333-8FDC-42A3-9474-1A3956D46DE8}") = "basic", "basic", "{CA9AC87F-097E-4F15-8393-4BC07735A5B0}"
EndProject
Project("{2150E333-8FDC-42A3-9474-1A3956D46DE8}") = "tests", "tests", "{04DBDB01-70F4-4E06-B468-8F87850B22BE}"
EndProject
Project("{9A19103F-16F7-4668-BE54-9A1E7A4F7556}") = "GoodFramework.Basic.Application.Tests", "src\tests\basic\GoodFramework.Basic.Application.Tests\GoodFramework.Basic.Application.Tests.csproj", "{50B2631D-129C-47B3-A587-029CCD6099BC}"
EndProject
Project("{9A19103F-16F7-4668-BE54-9A1E7A4F7556}") = "GoodFramework.Basic.Domain.Shared", "src\modules\basic\GoodFramework.Basic.Domain.Shared\GoodFramework.Basic.Domain.Shared.csproj", "{42F719ED-8413-4895-B5B4-5AB56079BC66}"
EndProject
Project("{9A19103F-16F7-4668-BE54-9A1E7A4F7556}") = "GoodFramework.Basic.Application.Contracts", "src\modules\basic\GoodFramework.Basic.Application.Contracts\GoodFramework.Basic.Application.Contracts.csproj", "{520659C8-C734-4298-A3DA-B539DB9DFC0B}"
EndProject
Project("{9A19103F-16F7-4668-BE54-9A1E7A4F7556}") = "GoodFramework.Basic.HttpApi", "src\modules\basic\GoodFramework.Basic.HttpApi\GoodFramework.Basic.HttpApi.csproj", "{4164BDF7-F527-4E85-9CE6-E3C2D7426A27}"
EndProject
Project("{9A19103F-16F7-4668-BE54-9A1E7A4F7556}") = "GoodFramework.Basic.HttpApi.Client", "src\modules\basic\GoodFramework.Basic.HttpApi.Client\GoodFramework.Basic.HttpApi.Client.csproj", "{3B5A0094-670D-4BB1-BFDD-61B88A8773DC}"
EndProject
Project("{9A19103F-16F7-4668-BE54-9A1E7A4F7556}") = "GoodFramework.Basic.EntityFrameworkCore.Tests", "src\tests\basic\GoodFramework.Basic.EntityFrameworkCore.Tests\GoodFramework.Basic.EntityFrameworkCore.Tests.csproj", "{1FE30EB9-74A9-47F5-A9F6-7B1FAB672D81}"
EndProject
Project("{9A19103F-16F7-4668-BE54-9A1E7A4F7556}") = "GoodFramework.Basic.TestBase", "src\tests\basic\GoodFramework.Basic.TestBase\GoodFramework.Basic.TestBase.csproj", "{91853F21-9CD9-4132-BC29-A7D5D84FFFE7}"
EndProject
Project("{9A19103F-16F7-4668-BE54-9A1E7A4F7556}") = "GoodFramework.Basic.Domain.Tests", "src\tests\basic\GoodFramework.Basic.Domain.Tests\GoodFramework.Basic.Domain.Tests.csproj", "{E512F4D9-9375-480F-A2F6-A46509F9D824}"
EndProject
Project("{9A19103F-16F7-4668-BE54-9A1E7A4F7556}") = "GoodFramework.Basic.HttpApi.Client.ConsoleTestApp", "src\tests\basic\GoodFramework.Basic.HttpApi.Client.ConsoleTestApp\GoodFramework.Basic.HttpApi.Client.ConsoleTestApp.csproj", "{EF480016-9127-4916-8735-D2466BDBC582}"
EndProject
Project("{9A19103F-16F7-4668-BE54-9A1E7A4F7556}") = "GoodFramework.DbMigrator", "src\migrators\GoodFramework.DbMigrator\GoodFramework.DbMigrator.csproj", "{AA94D832-1CCC-4715-95A9-A483F23A1A5D}"
EndProject
Project("{9A19103F-16F7-4668-BE54-9A1E7A4F7556}") = "GoodFramework.HttpApi.Host", "src\hosts\GoodFramework.HttpApi.Host\GoodFramework.HttpApi.Host.csproj", "{748584B1-BA69-4F6A-81AA-F4BDE6BCE29D}"
EndProject
Project("{2150E333-8FDC-42A3-9474-1A3956D46DE8}") = "modules", "modules", "{FBBC6587-CC01-48B9-8B12-702039AAE302}"
EndProject
Project("{2150E333-8FDC-42A3-9474-1A3956D46DE8}") = "hosts", "hosts", "{FCCFFE05-DCE8-4B56-BED8-DF4CA097E4A2}"
EndProject
Project("{2150E333-8FDC-42A3-9474-1A3956D46DE8}") = "migrators", "migrators", "{3BB1D479-0768-4806-8E77-D6FC50F27904}"
EndProject
Project("{2150E333-8FDC-42A3-9474-1A3956D46DE8}") = "platform", "platform", "{AC0D8047-B635-4661-BBF5-176D61A34566}"
EndProject
Project("{2150E333-8FDC-42A3-9474-1A3956D46DE8}") = "navigation", "navigation", "{3795BB35-BA6F-43AB-AE12-9E2581D65C01}"
EndProject
Project("{9A19103F-16F7-4668-BE54-9A1E7A4F7556}") = "GoodFramework.Abp.UI.Navigation", "src\modules\navigation\GoodFramework.Abp.UI.Navigation\GoodFramework.Abp.UI.Navigation.csproj", "{93594A57-6355-4F4B-A54D-E137B068D51E}"
EndProject
Project("{9A19103F-16F7-4668-BE54-9A1E7A4F7556}") = "GoodFramework.Abp.UI.Navigation.VueVbenAdmin", "src\modules\platform\GoodFramework.Abp.UI.Navigation.VueVbenAdmin\GoodFramework.Abp.UI.Navigation.VueVbenAdmin.csproj", "{28DCFB86-CAD6-4C55-AE16-342A72B1736E}"
EndProject
Project("{9A19103F-16F7-4668-BE54-9A1E7A4F7556}") = "GoodFramework.Platform.Application", "src\modules\platform\GoodFramework.Platform.Application\GoodFramework.Platform.Application.csproj", "{35367354-B056-496A-91E7-1E38AEB2C639}"
EndProject
Project("{9A19103F-16F7-4668-BE54-9A1E7A4F7556}") = "GoodFramework.Platform.Application.Contracts", "src\modules\platform\GoodFramework.Platform.Application.Contracts\GoodFramework.Platform.Application.Contracts.csproj", "{F0F38D19-08AC-4FFC-9A2F-1FDBFD72456D}"
EndProject
Project("{9A19103F-16F7-4668-BE54-9A1E7A4F7556}") = "GoodFramework.Platform.Domain", "src\modules\platform\GoodFramework.Platform.Domain\GoodFramework.Platform.Domain.csproj", "{6F3C4788-FC68-417B-924B-8CA940EFF591}"
EndProject
Project("{9A19103F-16F7-4668-BE54-9A1E7A4F7556}") = "GoodFramework.Platform.Domain.Shared", "src\modules\platform\GoodFramework.Platform.Domain.Shared\GoodFramework.Platform.Domain.Shared.csproj", "{A76768C3-B498-4823-9913-BBB89F5FFDA3}"
EndProject
Project("{9A19103F-16F7-4668-BE54-9A1E7A4F7556}") = "GoodFramework.Platform.EntityFrameworkCore", "src\modules\platform\GoodFramework.Platform.EntityFrameworkCore\GoodFramework.Platform.EntityFrameworkCore.csproj", "{AED47686-10F3-4837-BDDC-BBF4BBD70D9E}"
EndProject
Project("{9A19103F-16F7-4668-BE54-9A1E7A4F7556}") = "GoodFramework.Platform.HttpApi", "src\modules\platform\GoodFramework.Platform.HttpApi\GoodFramework.Platform.HttpApi.csproj", "{0172AC66-9245-41E8-88D8-0AAD3ABD0807}"
EndProject
Project("{9A19103F-16F7-4668-BE54-9A1E7A4F7556}") = "GoodFramework.DbMigrator.Domain", "src\migrators\GoodFramework.DbMigrator.Domain\GoodFramework.DbMigrator.Domain.csproj", "{EE69561D-97B6-4393-96F2-9D73CC827751}"
EndProject
Project("{2150E333-8FDC-42A3-9474-1A3956D46DE8}") = "common", "common", "{391EEE38-0294-46CE-8EDC-FAEDE8ED73E8}"
EndProject
Project("{9A19103F-16F7-4668-BE54-9A1E7A4F7556}") = "GoodFramework.Abp.Localization.Dynamic", "src\modules\common\GoodFramework.Abp.Localization.Dynamic\GoodFramework.Abp.Localization.Dynamic.csproj", "{39A7CB5D-C18B-4141-A31D-4C1EA2D7C9C3}"
EndProject
Project("{2150E333-8FDC-42A3-9474-1A3956D46DE8}") = "localization", "localization", "{B16DCF4D-4711-4F21-A9D7-2223BBAA968C}"
EndProject
Project("{9A19103F-16F7-4668-BE54-9A1E7A4F7556}") = "GoodFramework.Abp.Localization.CultureMap", "src\modules\localization\GoodFramework.Abp.Localization.CultureMap\GoodFramework.Abp.Localization.CultureMap.csproj", "{D32B1D1D-C764-419C-9F1F-F3CC6350F973}"
EndProject
Project("{9A19103F-16F7-4668-BE54-9A1E7A4F7556}") = "GoodFramework.Abp.Localization.Xml", "src\modules\localization\GoodFramework.Abp.Localization.Xml\GoodFramework.Abp.Localization.Xml.csproj", "{74880BB3-A418-446F-A964-CFC81D137D3D}"
EndProject
Global
	GlobalSection(SolutionConfigurationPlatforms) = preSolution
		Debug|Any CPU = Debug|Any CPU
		Release|Any CPU = Release|Any CPU
	EndGlobalSection
	GlobalSection(ProjectConfigurationPlatforms) = postSolution
		{554AD327-6DBA-4F8F-96F8-81CE7A0C863F}.Debug|Any CPU.ActiveCfg = Debug|Any CPU
		{554AD327-6DBA-4F8F-96F8-81CE7A0C863F}.Debug|Any CPU.Build.0 = Debug|Any CPU
		{554AD327-6DBA-4F8F-96F8-81CE7A0C863F}.Release|Any CPU.ActiveCfg = Release|Any CPU
		{554AD327-6DBA-4F8F-96F8-81CE7A0C863F}.Release|Any CPU.Build.0 = Release|Any CPU
		{1A94A50E-06DC-43C1-80B5-B662820EC3EB}.Debug|Any CPU.ActiveCfg = Debug|Any CPU
		{1A94A50E-06DC-43C1-80B5-B662820EC3EB}.Debug|Any CPU.Build.0 = Debug|Any CPU
		{1A94A50E-06DC-43C1-80B5-B662820EC3EB}.Release|Any CPU.ActiveCfg = Release|Any CPU
		{1A94A50E-06DC-43C1-80B5-B662820EC3EB}.Release|Any CPU.Build.0 = Release|Any CPU
		{C956DD76-69C8-4A9C-83EA-D17DF83340FD}.Debug|Any CPU.ActiveCfg = Debug|Any CPU
		{C956DD76-69C8-4A9C-83EA-D17DF83340FD}.Debug|Any CPU.Build.0 = Debug|Any CPU
		{C956DD76-69C8-4A9C-83EA-D17DF83340FD}.Release|Any CPU.ActiveCfg = Release|Any CPU
		{C956DD76-69C8-4A9C-83EA-D17DF83340FD}.Release|Any CPU.Build.0 = Release|Any CPU
		{50B2631D-129C-47B3-A587-029CCD6099BC}.Debug|Any CPU.ActiveCfg = Debug|Any CPU
		{50B2631D-129C-47B3-A587-029CCD6099BC}.Debug|Any CPU.Build.0 = Debug|Any CPU
		{50B2631D-129C-47B3-A587-029CCD6099BC}.Release|Any CPU.ActiveCfg = Release|Any CPU
		{50B2631D-129C-47B3-A587-029CCD6099BC}.Release|Any CPU.Build.0 = Release|Any CPU
		{42F719ED-8413-4895-B5B4-5AB56079BC66}.Debug|Any CPU.ActiveCfg = Debug|Any CPU
		{42F719ED-8413-4895-B5B4-5AB56079BC66}.Debug|Any CPU.Build.0 = Debug|Any CPU
		{42F719ED-8413-4895-B5B4-5AB56079BC66}.Release|Any CPU.ActiveCfg = Release|Any CPU
		{42F719ED-8413-4895-B5B4-5AB56079BC66}.Release|Any CPU.Build.0 = Release|Any CPU
		{520659C8-C734-4298-A3DA-B539DB9DFC0B}.Debug|Any CPU.ActiveCfg = Debug|Any CPU
		{520659C8-C734-4298-A3DA-B539DB9DFC0B}.Debug|Any CPU.Build.0 = Debug|Any CPU
		{520659C8-C734-4298-A3DA-B539DB9DFC0B}.Release|Any CPU.ActiveCfg = Release|Any CPU
		{520659C8-C734-4298-A3DA-B539DB9DFC0B}.Release|Any CPU.Build.0 = Release|Any CPU
		{4164BDF7-F527-4E85-9CE6-E3C2D7426A27}.Debug|Any CPU.ActiveCfg = Debug|Any CPU
		{4164BDF7-F527-4E85-9CE6-E3C2D7426A27}.Debug|Any CPU.Build.0 = Debug|Any CPU
		{4164BDF7-F527-4E85-9CE6-E3C2D7426A27}.Release|Any CPU.ActiveCfg = Release|Any CPU
		{4164BDF7-F527-4E85-9CE6-E3C2D7426A27}.Release|Any CPU.Build.0 = Release|Any CPU
		{3B5A0094-670D-4BB1-BFDD-61B88A8773DC}.Debug|Any CPU.ActiveCfg = Debug|Any CPU
		{3B5A0094-670D-4BB1-BFDD-61B88A8773DC}.Debug|Any CPU.Build.0 = Debug|Any CPU
		{3B5A0094-670D-4BB1-BFDD-61B88A8773DC}.Release|Any CPU.ActiveCfg = Release|Any CPU
		{3B5A0094-670D-4BB1-BFDD-61B88A8773DC}.Release|Any CPU.Build.0 = Release|Any CPU
		{1FE30EB9-74A9-47F5-A9F6-7B1FAB672D81}.Debug|Any CPU.ActiveCfg = Debug|Any CPU
		{1FE30EB9-74A9-47F5-A9F6-7B1FAB672D81}.Debug|Any CPU.Build.0 = Debug|Any CPU
		{1FE30EB9-74A9-47F5-A9F6-7B1FAB672D81}.Release|Any CPU.ActiveCfg = Release|Any CPU
		{1FE30EB9-74A9-47F5-A9F6-7B1FAB672D81}.Release|Any CPU.Build.0 = Release|Any CPU
		{91853F21-9CD9-4132-BC29-A7D5D84FFFE7}.Debug|Any CPU.ActiveCfg = Debug|Any CPU
		{91853F21-9CD9-4132-BC29-A7D5D84FFFE7}.Debug|Any CPU.Build.0 = Debug|Any CPU
		{91853F21-9CD9-4132-BC29-A7D5D84FFFE7}.Release|Any CPU.ActiveCfg = Release|Any CPU
		{91853F21-9CD9-4132-BC29-A7D5D84FFFE7}.Release|Any CPU.Build.0 = Release|Any CPU
		{E512F4D9-9375-480F-A2F6-A46509F9D824}.Debug|Any CPU.ActiveCfg = Debug|Any CPU
		{E512F4D9-9375-480F-A2F6-A46509F9D824}.Debug|Any CPU.Build.0 = Debug|Any CPU
		{E512F4D9-9375-480F-A2F6-A46509F9D824}.Release|Any CPU.ActiveCfg = Release|Any CPU
		{E512F4D9-9375-480F-A2F6-A46509F9D824}.Release|Any CPU.Build.0 = Release|Any CPU
		{EF480016-9127-4916-8735-D2466BDBC582}.Debug|Any CPU.ActiveCfg = Debug|Any CPU
		{EF480016-9127-4916-8735-D2466BDBC582}.Debug|Any CPU.Build.0 = Debug|Any CPU
		{EF480016-9127-4916-8735-D2466BDBC582}.Release|Any CPU.ActiveCfg = Release|Any CPU
		{EF480016-9127-4916-8735-D2466BDBC582}.Release|Any CPU.Build.0 = Release|Any CPU
		{AA94D832-1CCC-4715-95A9-A483F23A1A5D}.Debug|Any CPU.ActiveCfg = Debug|Any CPU
		{AA94D832-1CCC-4715-95A9-A483F23A1A5D}.Debug|Any CPU.Build.0 = Debug|Any CPU
		{AA94D832-1CCC-4715-95A9-A483F23A1A5D}.Release|Any CPU.ActiveCfg = Release|Any CPU
		{AA94D832-1CCC-4715-95A9-A483F23A1A5D}.Release|Any CPU.Build.0 = Release|Any CPU
		{748584B1-BA69-4F6A-81AA-F4BDE6BCE29D}.Debug|Any CPU.ActiveCfg = Debug|Any CPU
		{748584B1-BA69-4F6A-81AA-F4BDE6BCE29D}.Debug|Any CPU.Build.0 = Debug|Any CPU
		{748584B1-BA69-4F6A-81AA-F4BDE6BCE29D}.Release|Any CPU.ActiveCfg = Release|Any CPU
		{748584B1-BA69-4F6A-81AA-F4BDE6BCE29D}.Release|Any CPU.Build.0 = Release|Any CPU
		{93594A57-6355-4F4B-A54D-E137B068D51E}.Debug|Any CPU.ActiveCfg = Debug|Any CPU
		{93594A57-6355-4F4B-A54D-E137B068D51E}.Debug|Any CPU.Build.0 = Debug|Any CPU
		{93594A57-6355-4F4B-A54D-E137B068D51E}.Release|Any CPU.ActiveCfg = Release|Any CPU
		{93594A57-6355-4F4B-A54D-E137B068D51E}.Release|Any CPU.Build.0 = Release|Any CPU
		{28DCFB86-CAD6-4C55-AE16-342A72B1736E}.Debug|Any CPU.ActiveCfg = Debug|Any CPU
		{28DCFB86-CAD6-4C55-AE16-342A72B1736E}.Debug|Any CPU.Build.0 = Debug|Any CPU
		{28DCFB86-CAD6-4C55-AE16-342A72B1736E}.Release|Any CPU.ActiveCfg = Release|Any CPU
		{28DCFB86-CAD6-4C55-AE16-342A72B1736E}.Release|Any CPU.Build.0 = Release|Any CPU
		{35367354-B056-496A-91E7-1E38AEB2C639}.Debug|Any CPU.ActiveCfg = Debug|Any CPU
		{35367354-B056-496A-91E7-1E38AEB2C639}.Debug|Any CPU.Build.0 = Debug|Any CPU
		{35367354-B056-496A-91E7-1E38AEB2C639}.Release|Any CPU.ActiveCfg = Release|Any CPU
		{35367354-B056-496A-91E7-1E38AEB2C639}.Release|Any CPU.Build.0 = Release|Any CPU
		{F0F38D19-08AC-4FFC-9A2F-1FDBFD72456D}.Debug|Any CPU.ActiveCfg = Debug|Any CPU
		{F0F38D19-08AC-4FFC-9A2F-1FDBFD72456D}.Debug|Any CPU.Build.0 = Debug|Any CPU
		{F0F38D19-08AC-4FFC-9A2F-1FDBFD72456D}.Release|Any CPU.ActiveCfg = Release|Any CPU
		{F0F38D19-08AC-4FFC-9A2F-1FDBFD72456D}.Release|Any CPU.Build.0 = Release|Any CPU
		{6F3C4788-FC68-417B-924B-8CA940EFF591}.Debug|Any CPU.ActiveCfg = Debug|Any CPU
		{6F3C4788-FC68-417B-924B-8CA940EFF591}.Debug|Any CPU.Build.0 = Debug|Any CPU
		{6F3C4788-FC68-417B-924B-8CA940EFF591}.Release|Any CPU.ActiveCfg = Release|Any CPU
		{6F3C4788-FC68-417B-924B-8CA940EFF591}.Release|Any CPU.Build.0 = Release|Any CPU
		{A76768C3-B498-4823-9913-BBB89F5FFDA3}.Debug|Any CPU.ActiveCfg = Debug|Any CPU
		{A76768C3-B498-4823-9913-BBB89F5FFDA3}.Debug|Any CPU.Build.0 = Debug|Any CPU
		{A76768C3-B498-4823-9913-BBB89F5FFDA3}.Release|Any CPU.ActiveCfg = Release|Any CPU
		{A76768C3-B498-4823-9913-BBB89F5FFDA3}.Release|Any CPU.Build.0 = Release|Any CPU
		{AED47686-10F3-4837-BDDC-BBF4BBD70D9E}.Debug|Any CPU.ActiveCfg = Debug|Any CPU
		{AED47686-10F3-4837-BDDC-BBF4BBD70D9E}.Debug|Any CPU.Build.0 = Debug|Any CPU
		{AED47686-10F3-4837-BDDC-BBF4BBD70D9E}.Release|Any CPU.ActiveCfg = Release|Any CPU
		{AED47686-10F3-4837-BDDC-BBF4BBD70D9E}.Release|Any CPU.Build.0 = Release|Any CPU
		{0172AC66-9245-41E8-88D8-0AAD3ABD0807}.Debug|Any CPU.ActiveCfg = Debug|Any CPU
		{0172AC66-9245-41E8-88D8-0AAD3ABD0807}.Debug|Any CPU.Build.0 = Debug|Any CPU
		{0172AC66-9245-41E8-88D8-0AAD3ABD0807}.Release|Any CPU.ActiveCfg = Release|Any CPU
		{0172AC66-9245-41E8-88D8-0AAD3ABD0807}.Release|Any CPU.Build.0 = Release|Any CPU
		{EE69561D-97B6-4393-96F2-9D73CC827751}.Debug|Any CPU.ActiveCfg = Debug|Any CPU
		{EE69561D-97B6-4393-96F2-9D73CC827751}.Debug|Any CPU.Build.0 = Debug|Any CPU
		{EE69561D-97B6-4393-96F2-9D73CC827751}.Release|Any CPU.ActiveCfg = Release|Any CPU
		{EE69561D-97B6-4393-96F2-9D73CC827751}.Release|Any CPU.Build.0 = Release|Any CPU
		{39A7CB5D-C18B-4141-A31D-4C1EA2D7C9C3}.Debug|Any CPU.ActiveCfg = Debug|Any CPU
		{39A7CB5D-C18B-4141-A31D-4C1EA2D7C9C3}.Debug|Any CPU.Build.0 = Debug|Any CPU
		{39A7CB5D-C18B-4141-A31D-4C1EA2D7C9C3}.Release|Any CPU.ActiveCfg = Release|Any CPU
		{39A7CB5D-C18B-4141-A31D-4C1EA2D7C9C3}.Release|Any CPU.Build.0 = Release|Any CPU
		{D32B1D1D-C764-419C-9F1F-F3CC6350F973}.Debug|Any CPU.ActiveCfg = Debug|Any CPU
		{D32B1D1D-C764-419C-9F1F-F3CC6350F973}.Debug|Any CPU.Build.0 = Debug|Any CPU
		{D32B1D1D-C764-419C-9F1F-F3CC6350F973}.Release|Any CPU.ActiveCfg = Release|Any CPU
		{D32B1D1D-C764-419C-9F1F-F3CC6350F973}.Release|Any CPU.Build.0 = Release|Any CPU
		{74880BB3-A418-446F-A964-CFC81D137D3D}.Debug|Any CPU.ActiveCfg = Debug|Any CPU
		{74880BB3-A418-446F-A964-CFC81D137D3D}.Debug|Any CPU.Build.0 = Debug|Any CPU
		{74880BB3-A418-446F-A964-CFC81D137D3D}.Release|Any CPU.ActiveCfg = Release|Any CPU
		{74880BB3-A418-446F-A964-CFC81D137D3D}.Release|Any CPU.Build.0 = Release|Any CPU
	EndGlobalSection
	GlobalSection(SolutionProperties) = preSolution
		HideSolutionNode = FALSE
	EndGlobalSection
	GlobalSection(NestedProjects) = preSolution
		{554AD327-6DBA-4F8F-96F8-81CE7A0C863F} = {CA9AC87F-097E-4F15-8393-4BC07735A5B0}
		{1A94A50E-06DC-43C1-80B5-B662820EC3EB} = {CA9AC87F-097E-4F15-8393-4BC07735A5B0}
		{C956DD76-69C8-4A9C-83EA-D17DF83340FD} = {CA9AC87F-097E-4F15-8393-4BC07735A5B0}
		{CA9AC87F-097E-4F15-8393-4BC07735A5B0} = {FBBC6587-CC01-48B9-8B12-702039AAE302}
		{50B2631D-129C-47B3-A587-029CCD6099BC} = {04DBDB01-70F4-4E06-B468-8F87850B22BE}
		{42F719ED-8413-4895-B5B4-5AB56079BC66} = {CA9AC87F-097E-4F15-8393-4BC07735A5B0}
		{520659C8-C734-4298-A3DA-B539DB9DFC0B} = {CA9AC87F-097E-4F15-8393-4BC07735A5B0}
		{4164BDF7-F527-4E85-9CE6-E3C2D7426A27} = {CA9AC87F-097E-4F15-8393-4BC07735A5B0}
		{3B5A0094-670D-4BB1-BFDD-61B88A8773DC} = {CA9AC87F-097E-4F15-8393-4BC07735A5B0}
		{1FE30EB9-74A9-47F5-A9F6-7B1FAB672D81} = {04DBDB01-70F4-4E06-B468-8F87850B22BE}
		{91853F21-9CD9-4132-BC29-A7D5D84FFFE7} = {04DBDB01-70F4-4E06-B468-8F87850B22BE}
		{E512F4D9-9375-480F-A2F6-A46509F9D824} = {04DBDB01-70F4-4E06-B468-8F87850B22BE}
		{EF480016-9127-4916-8735-D2466BDBC582} = {04DBDB01-70F4-4E06-B468-8F87850B22BE}
		{AA94D832-1CCC-4715-95A9-A483F23A1A5D} = {3BB1D479-0768-4806-8E77-D6FC50F27904}
		{748584B1-BA69-4F6A-81AA-F4BDE6BCE29D} = {FCCFFE05-DCE8-4B56-BED8-DF4CA097E4A2}
		{AC0D8047-B635-4661-BBF5-176D61A34566} = {FBBC6587-CC01-48B9-8B12-702039AAE302}
		{3795BB35-BA6F-43AB-AE12-9E2581D65C01} = {FBBC6587-CC01-48B9-8B12-702039AAE302}
		{93594A57-6355-4F4B-A54D-E137B068D51E} = {3795BB35-BA6F-43AB-AE12-9E2581D65C01}
		{28DCFB86-CAD6-4C55-AE16-342A72B1736E} = {AC0D8047-B635-4661-BBF5-176D61A34566}
		{35367354-B056-496A-91E7-1E38AEB2C639} = {AC0D8047-B635-4661-BBF5-176D61A34566}
		{F0F38D19-08AC-4FFC-9A2F-1FDBFD72456D} = {AC0D8047-B635-4661-BBF5-176D61A34566}
		{6F3C4788-FC68-417B-924B-8CA940EFF591} = {AC0D8047-B635-4661-BBF5-176D61A34566}
		{A76768C3-B498-4823-9913-BBB89F5FFDA3} = {AC0D8047-B635-4661-BBF5-176D61A34566}
		{AED47686-10F3-4837-BDDC-BBF4BBD70D9E} = {AC0D8047-B635-4661-BBF5-176D61A34566}
		{0172AC66-9245-41E8-88D8-0AAD3ABD0807} = {AC0D8047-B635-4661-BBF5-176D61A34566}
		{EE69561D-97B6-4393-96F2-9D73CC827751} = {3BB1D479-0768-4806-8E77-D6FC50F27904}
		{391EEE38-0294-46CE-8EDC-FAEDE8ED73E8} = {FBBC6587-CC01-48B9-8B12-702039AAE302}
		{39A7CB5D-C18B-4141-A31D-4C1EA2D7C9C3} = {391EEE38-0294-46CE-8EDC-FAEDE8ED73E8}
		{B16DCF4D-4711-4F21-A9D7-2223BBAA968C} = {FBBC6587-CC01-48B9-8B12-702039AAE302}
		{D32B1D1D-C764-419C-9F1F-F3CC6350F973} = {B16DCF4D-4711-4F21-A9D7-2223BBAA968C}
		{74880BB3-A418-446F-A964-CFC81D137D3D} = {B16DCF4D-4711-4F21-A9D7-2223BBAA968C}
	EndGlobalSection
	GlobalSection(ExtensibilityGlobals) = postSolution
		SolutionGuid = {28315BFD-90E7-4E14-A2EA-F3D23AF4126F}
	EndGlobalSection
EndGlobal
